// !$*UTF8*$!
{
	archiveVersion = 1;
	classes = {
	};
	objectVersion = 46;
	objects = {

/* Begin PBXBuildFile section */
		808149431B4A89D3008555EB /* AppDelegate.swift in Sources */ = {isa = PBXBuildFile; fileRef = 808149421B4A89D3008555EB /* AppDelegate.swift */; };
		808149451B4A89D3008555EB /* MenuViewController.swift in Sources */ = {isa = PBXBuildFile; fileRef = 808149441B4A89D3008555EB /* MenuViewController.swift */; };
		808149481B4A89D3008555EB /* Main.storyboard in Resources */ = {isa = PBXBuildFile; fileRef = 808149461B4A89D3008555EB /* Main.storyboard */; };
		8081494A1B4A89D3008555EB /* Images.xcassets in Resources */ = {isa = PBXBuildFile; fileRef = 808149491B4A89D3008555EB /* Images.xcassets */; };
		8081494D1B4A89D3008555EB /* LaunchScreen.xib in Resources */ = {isa = PBXBuildFile; fileRef = 8081494B1B4A89D3008555EB /* LaunchScreen.xib */; };
		808149591B4A89D3008555EB /* Bum_BamTests.swift in Sources */ = {isa = PBXBuildFile; fileRef = 808149581B4A89D3008555EB /* Bum_BamTests.swift */; };
		808149971B4AD16E008555EB /* GameViewController.swift in Sources */ = {isa = PBXBuildFile; fileRef = 808149961B4AD16E008555EB /* GameViewController.swift */; };
		8081499A1B4AD387008555EB /* Config.swift in Sources */ = {isa = PBXBuildFile; fileRef = 808149981B4AD387008555EB /* Config.swift */; };
		8081499B1B4AD387008555EB /* HelperFuncs.swift in Sources */ = {isa = PBXBuildFile; fileRef = 808149991B4AD387008555EB /* HelperFuncs.swift */; };
		808EB2111B4CC2AA0076C4F0 /* Layout.swift in Sources */ = {isa = PBXBuildFile; fileRef = 808EB2101B4CC2AA0076C4F0 /* Layout.swift */; };
		808EB2191B4CC43A0076C4F0 /* Test.xcassets in Resources */ = {isa = PBXBuildFile; fileRef = 808EB2181B4CC43A0076C4F0 /* Test.xcassets */; };
		808EB21B1B4CC4490076C4F0 /* TestGameController.swift in Sources */ = {isa = PBXBuildFile; fileRef = 808EB21A1B4CC4490076C4F0 /* TestGameController.swift */; };
		808EB21D1B4CC4F20076C4F0 /* TestGameModel.swift in Sources */ = {isa = PBXBuildFile; fileRef = 808EB21C1B4CC4F20076C4F0 /* TestGameModel.swift */; };
		808EB21F1B4CC5770076C4F0 /* TestLayoutAction.swift in Sources */ = {isa = PBXBuildFile; fileRef = 808EB21E1B4CC5770076C4F0 /* TestLayoutAction.swift */; };
		808EB2211B4CC5B10076C4F0 /* TestDefaultLayoutAction.swift in Sources */ = {isa = PBXBuildFile; fileRef = 808EB2201B4CC5B10076C4F0 /* TestDefaultLayoutAction.swift */; };
		808EB2231B4CC6080076C4F0 /* TestLayout.swift in Sources */ = {isa = PBXBuildFile; fileRef = 808EB2221B4CC6080076C4F0 /* TestLayout.swift */; };
		808EB2251B4CD0CA0076C4F0 /* TestMainImageView.swift in Sources */ = {isa = PBXBuildFile; fileRef = 808EB2241B4CD0CA0076C4F0 /* TestMainImageView.swift */; };
		808EB2271B4D65340076C4F0 /* GameList.swift in Sources */ = {isa = PBXBuildFile; fileRef = 808EB2261B4D65340076C4F0 /* GameList.swift */; };
		808EB2311B4D71FE0076C4F0 /* TemplateGameController.swift in Sources */ = {isa = PBXBuildFile; fileRef = 808EB2301B4D71FE0076C4F0 /* TemplateGameController.swift */; };
		808EB2331B4D72500076C4F0 /* TemplateLayout.swift in Sources */ = {isa = PBXBuildFile; fileRef = 808EB2321B4D72500076C4F0 /* TemplateLayout.swift */; };
		808EB2351B4D72810076C4F0 /* TemplateGameModel.swift in Sources */ = {isa = PBXBuildFile; fileRef = 808EB2341B4D72810076C4F0 /* TemplateGameModel.swift */; };
		808EB2371B4D72D30076C4F0 /* TemplateDefaultLayoutAction.swift in Sources */ = {isa = PBXBuildFile; fileRef = 808EB2361B4D72D30076C4F0 /* TemplateDefaultLayoutAction.swift */; };
		808EB2391B4D72F50076C4F0 /* TemplateLayoutAction.swift in Sources */ = {isa = PBXBuildFile; fileRef = 808EB2381B4D72F50076C4F0 /* TemplateLayoutAction.swift */; };
		8092B24A1B4CC16700722E0C /* MainGameController.swift in Sources */ = {isa = PBXBuildFile; fileRef = 8092B2491B4CC16700722E0C /* MainGameController.swift */; };
		8092B24C1B4CC18700722E0C /* MainLayoutAction.swift in Sources */ = {isa = PBXBuildFile; fileRef = 8092B24B1B4CC18700722E0C /* MainLayoutAction.swift */; };
		8092B24E1B4CC1A000722E0C /* MainGameModel.swift in Sources */ = {isa = PBXBuildFile; fileRef = 8092B24D1B4CC1A000722E0C /* MainGameModel.swift */; };
		809C59AA1B4E7E0C009BAE61 /* GuessShapeGameController.swift in Sources */ = {isa = PBXBuildFile; fileRef = 809C59A11B4E7E0C009BAE61 /* GuessShapeGameController.swift */; };
		809C59AB1B4E7E0C009BAE61 /* GuessShapeDefaultLayoutAction.swift in Sources */ = {isa = PBXBuildFile; fileRef = 809C59A31B4E7E0C009BAE61 /* GuessShapeDefaultLayoutAction.swift */; };
		809C59AC1B4E7E0C009BAE61 /* GuessShapeLayout.swift in Sources */ = {isa = PBXBuildFile; fileRef = 809C59A41B4E7E0C009BAE61 /* GuessShapeLayout.swift */; };
		809C59AD1B4E7E0C009BAE61 /* GuessShapeLayoutAction.swift in Sources */ = {isa = PBXBuildFile; fileRef = 809C59A51B4E7E0C009BAE61 /* GuessShapeLayoutAction.swift */; };
		809C59AE1B4E7E0C009BAE61 /* GuessShapeGameModel.swift in Sources */ = {isa = PBXBuildFile; fileRef = 809C59A71B4E7E0C009BAE61 /* GuessShapeGameModel.swift */; };
		80EA133E1B4E97910011E02D /* GuessShape.xcassets in Resources */ = {isa = PBXBuildFile; fileRef = 80EA133D1B4E97910011E02D /* GuessShape.xcassets */; };
/* End PBXBuildFile section */

/* Begin PBXContainerItemProxy section */
		808149531B4A89D3008555EB /* PBXContainerItemProxy */ = {
			isa = PBXContainerItemProxy;
			containerPortal = 808149351B4A89D3008555EB /* Project object */;
			proxyType = 1;
			remoteGlobalIDString = 8081493C1B4A89D3008555EB;
			remoteInfo = "Bum Bam";
		};
/* End PBXContainerItemProxy section */

/* Begin PBXFileReference section */
		8081493D1B4A89D3008555EB /* Bum Bam.app */ = {isa = PBXFileReference; explicitFileType = wrapper.application; includeInIndex = 0; path = "Bum Bam.app"; sourceTree = BUILT_PRODUCTS_DIR; };
		808149411B4A89D3008555EB /* Info.plist */ = {isa = PBXFileReference; lastKnownFileType = text.plist.xml; path = Info.plist; sourceTree = "<group>"; };
		808149421B4A89D3008555EB /* AppDelegate.swift */ = {isa = PBXFileReference; lastKnownFileType = sourcecode.swift; path = AppDelegate.swift; sourceTree = "<group>"; };
		808149441B4A89D3008555EB /* MenuViewController.swift */ = {isa = PBXFileReference; lastKnownFileType = sourcecode.swift; path = MenuViewController.swift; sourceTree = "<group>"; };
		808149471B4A89D3008555EB /* Base */ = {isa = PBXFileReference; lastKnownFileType = file.storyboard; name = Base; path = Base.lproj/Main.storyboard; sourceTree = "<group>"; };
		808149491B4A89D3008555EB /* Images.xcassets */ = {isa = PBXFileReference; lastKnownFileType = folder.assetcatalog; path = Images.xcassets; sourceTree = "<group>"; };
		8081494C1B4A89D3008555EB /* Base */ = {isa = PBXFileReference; lastKnownFileType = file.xib; name = Base; path = Base.lproj/LaunchScreen.xib; sourceTree = "<group>"; };
		808149521B4A89D3008555EB /* Bum BamTests.xctest */ = {isa = PBXFileReference; explicitFileType = wrapper.cfbundle; includeInIndex = 0; path = "Bum BamTests.xctest"; sourceTree = BUILT_PRODUCTS_DIR; };
		808149571B4A89D3008555EB /* Info.plist */ = {isa = PBXFileReference; lastKnownFileType = text.plist.xml; path = Info.plist; sourceTree = "<group>"; };
		808149581B4A89D3008555EB /* Bum_BamTests.swift */ = {isa = PBXFileReference; lastKnownFileType = sourcecode.swift; path = Bum_BamTests.swift; sourceTree = "<group>"; };
		808149961B4AD16E008555EB /* GameViewController.swift */ = {isa = PBXFileReference; fileEncoding = 4; lastKnownFileType = sourcecode.swift; path = GameViewController.swift; sourceTree = "<group>"; };
		808149981B4AD387008555EB /* Config.swift */ = {isa = PBXFileReference; fileEncoding = 4; lastKnownFileType = sourcecode.swift; path = Config.swift; sourceTree = "<group>"; };
		808149991B4AD387008555EB /* HelperFuncs.swift */ = {isa = PBXFileReference; fileEncoding = 4; lastKnownFileType = sourcecode.swift; path = HelperFuncs.swift; sourceTree = "<group>"; };
		808EB2101B4CC2AA0076C4F0 /* Layout.swift */ = {isa = PBXFileReference; fileEncoding = 4; lastKnownFileType = sourcecode.swift; path = Layout.swift; sourceTree = "<group>"; };
		808EB2181B4CC43A0076C4F0 /* Test.xcassets */ = {isa = PBXFileReference; lastKnownFileType = folder.assetcatalog; path = Test.xcassets; sourceTree = "<group>"; };
		808EB21A1B4CC4490076C4F0 /* TestGameController.swift */ = {isa = PBXFileReference; fileEncoding = 4; lastKnownFileType = sourcecode.swift; path = TestGameController.swift; sourceTree = "<group>"; };
		808EB21C1B4CC4F20076C4F0 /* TestGameModel.swift */ = {isa = PBXFileReference; fileEncoding = 4; lastKnownFileType = sourcecode.swift; path = TestGameModel.swift; sourceTree = "<group>"; };
		808EB21E1B4CC5770076C4F0 /* TestLayoutAction.swift */ = {isa = PBXFileReference; fileEncoding = 4; lastKnownFileType = sourcecode.swift; path = TestLayoutAction.swift; sourceTree = "<group>"; };
		808EB2201B4CC5B10076C4F0 /* TestDefaultLayoutAction.swift */ = {isa = PBXFileReference; fileEncoding = 4; lastKnownFileType = sourcecode.swift; path = TestDefaultLayoutAction.swift; sourceTree = "<group>"; };
		808EB2221B4CC6080076C4F0 /* TestLayout.swift */ = {isa = PBXFileReference; fileEncoding = 4; lastKnownFileType = sourcecode.swift; path = TestLayout.swift; sourceTree = "<group>"; };
		808EB2241B4CD0CA0076C4F0 /* TestMainImageView.swift */ = {isa = PBXFileReference; fileEncoding = 4; lastKnownFileType = sourcecode.swift; path = TestMainImageView.swift; sourceTree = "<group>"; };
		808EB2261B4D65340076C4F0 /* GameList.swift */ = {isa = PBXFileReference; fileEncoding = 4; lastKnownFileType = sourcecode.swift; path = GameList.swift; sourceTree = "<group>"; };
		808EB2301B4D71FE0076C4F0 /* TemplateGameController.swift */ = {isa = PBXFileReference; fileEncoding = 4; lastKnownFileType = sourcecode.swift; path = TemplateGameController.swift; sourceTree = "<group>"; };
		808EB2321B4D72500076C4F0 /* TemplateLayout.swift */ = {isa = PBXFileReference; fileEncoding = 4; lastKnownFileType = sourcecode.swift; path = TemplateLayout.swift; sourceTree = "<group>"; };
		808EB2341B4D72810076C4F0 /* TemplateGameModel.swift */ = {isa = PBXFileReference; fileEncoding = 4; lastKnownFileType = sourcecode.swift; path = TemplateGameModel.swift; sourceTree = "<group>"; };
		808EB2361B4D72D30076C4F0 /* TemplateDefaultLayoutAction.swift */ = {isa = PBXFileReference; fileEncoding = 4; lastKnownFileType = sourcecode.swift; path = TemplateDefaultLayoutAction.swift; sourceTree = "<group>"; };
		808EB2381B4D72F50076C4F0 /* TemplateLayoutAction.swift */ = {isa = PBXFileReference; fileEncoding = 4; lastKnownFileType = sourcecode.swift; path = TemplateLayoutAction.swift; sourceTree = "<group>"; };
		8092B2491B4CC16700722E0C /* MainGameController.swift */ = {isa = PBXFileReference; fileEncoding = 4; lastKnownFileType = sourcecode.swift; path = MainGameController.swift; sourceTree = "<group>"; };
		8092B24B1B4CC18700722E0C /* MainLayoutAction.swift */ = {isa = PBXFileReference; fileEncoding = 4; lastKnownFileType = sourcecode.swift; path = MainLayoutAction.swift; sourceTree = "<group>"; };
		8092B24D1B4CC1A000722E0C /* MainGameModel.swift */ = {isa = PBXFileReference; fileEncoding = 4; lastKnownFileType = sourcecode.swift; path = MainGameModel.swift; sourceTree = "<group>"; };
		809C59A11B4E7E0C009BAE61 /* GuessShapeGameController.swift */ = {isa = PBXFileReference; fileEncoding = 4; lastKnownFileType = sourcecode.swift; path = GuessShapeGameController.swift; sourceTree = "<group>"; };
		809C59A31B4E7E0C009BAE61 /* GuessShapeDefaultLayoutAction.swift */ = {isa = PBXFileReference; fileEncoding = 4; lastKnownFileType = sourcecode.swift; path = GuessShapeDefaultLayoutAction.swift; sourceTree = "<group>"; };
		809C59A41B4E7E0C009BAE61 /* GuessShapeLayout.swift */ = {isa = PBXFileReference; fileEncoding = 4; lastKnownFileType = sourcecode.swift; path = GuessShapeLayout.swift; sourceTree = "<group>"; };
		809C59A51B4E7E0C009BAE61 /* GuessShapeLayoutAction.swift */ = {isa = PBXFileReference; fileEncoding = 4; lastKnownFileType = sourcecode.swift; path = GuessShapeLayoutAction.swift; sourceTree = "<group>"; };
		809C59A71B4E7E0C009BAE61 /* GuessShapeGameModel.swift */ = {isa = PBXFileReference; fileEncoding = 4; lastKnownFileType = sourcecode.swift; path = GuessShapeGameModel.swift; sourceTree = "<group>"; };
		80EA133D1B4E97910011E02D /* GuessShape.xcassets */ = {isa = PBXFileReference; lastKnownFileType = folder.assetcatalog; path = GuessShape.xcassets; sourceTree = "<group>"; };
/* End PBXFileReference section */

/* Begin PBXFrameworksBuildPhase section */
		8081493A1B4A89D3008555EB /* Frameworks */ = {
			isa = PBXFrameworksBuildPhase;
			buildActionMask = 2147483647;
			files = (
			);
			runOnlyForDeploymentPostprocessing = 0;
		};
		8081494F1B4A89D3008555EB /* Frameworks */ = {
			isa = PBXFrameworksBuildPhase;
			buildActionMask = 2147483647;
			files = (
			);
			runOnlyForDeploymentPostprocessing = 0;
		};
/* End PBXFrameworksBuildPhase section */

/* Begin PBXGroup section */
		808149341B4A89D3008555EB = {
			isa = PBXGroup;
			children = (
				8081493F1B4A89D3008555EB /* Bum Bam */,
				808149551B4A89D3008555EB /* Bum BamTests */,
				8081493E1B4A89D3008555EB /* Products */,
			);
			sourceTree = "<group>";
		};
		8081493E1B4A89D3008555EB /* Products */ = {
			isa = PBXGroup;
			children = (
				8081493D1B4A89D3008555EB /* Bum Bam.app */,
				808149521B4A89D3008555EB /* Bum BamTests.xctest */,
			);
			name = Products;
			sourceTree = "<group>";
		};
		8081493F1B4A89D3008555EB /* Bum Bam */ = {
			isa = PBXGroup;
			children = (
				808149981B4AD387008555EB /* Config.swift */,
				808149991B4AD387008555EB /* HelperFuncs.swift */,
				808EB2101B4CC2AA0076C4F0 /* Layout.swift */,
				808EB2261B4D65340076C4F0 /* GameList.swift */,
				809C599D1B4E7E0C009BAE61 /* GuessShape */,
				808EB2281B4D71E30076C4F0 /* Template */,
				808EB2121B4CC42D0076C4F0 /* Test */,
				8092B2451B4CC15600722E0C /* Main */,
				808149421B4A89D3008555EB /* AppDelegate.swift */,
				808149441B4A89D3008555EB /* MenuViewController.swift */,
				808149961B4AD16E008555EB /* GameViewController.swift */,
				808149461B4A89D3008555EB /* Main.storyboard */,
				808149491B4A89D3008555EB /* Images.xcassets */,
				8081494B1B4A89D3008555EB /* LaunchScreen.xib */,
				808149401B4A89D3008555EB /* Supporting Files */,
			);
			path = "Bum Bam";
			sourceTree = "<group>";
		};
		808149401B4A89D3008555EB /* Supporting Files */ = {
			isa = PBXGroup;
			children = (
				808149411B4A89D3008555EB /* Info.plist */,
			);
			name = "Supporting Files";
			sourceTree = "<group>";
		};
		808149551B4A89D3008555EB /* Bum BamTests */ = {
			isa = PBXGroup;
			children = (
				808149581B4A89D3008555EB /* Bum_BamTests.swift */,
				808149561B4A89D3008555EB /* Supporting Files */,
			);
			path = "Bum BamTests";
			sourceTree = "<group>";
		};
		808149561B4A89D3008555EB /* Supporting Files */ = {
			isa = PBXGroup;
			children = (
				808149571B4A89D3008555EB /* Info.plist */,
			);
			name = "Supporting Files";
			sourceTree = "<group>";
		};
		808EB2121B4CC42D0076C4F0 /* Test */ = {
			isa = PBXGroup;
			children = (
				808EB2131B4CC42D0076C4F0 /* Assets */,
				808EB2141B4CC42D0076C4F0 /* Controllers */,
				808EB2151B4CC42D0076C4F0 /* Layout */,
				808EB2161B4CC42D0076C4F0 /* Models */,
				808EB2171B4CC42D0076C4F0 /* Views */,
			);
			path = Test;
			sourceTree = "<group>";
		};
		808EB2131B4CC42D0076C4F0 /* Assets */ = {
			isa = PBXGroup;
			children = (
				808EB2181B4CC43A0076C4F0 /* Test.xcassets */,
			);
			path = Assets;
			sourceTree = "<group>";
		};
		808EB2141B4CC42D0076C4F0 /* Controllers */ = {
			isa = PBXGroup;
			children = (
				808EB21A1B4CC4490076C4F0 /* TestGameController.swift */,
			);
			path = Controllers;
			sourceTree = "<group>";
		};
		808EB2151B4CC42D0076C4F0 /* Layout */ = {
			isa = PBXGroup;
			children = (
				808EB2221B4CC6080076C4F0 /* TestLayout.swift */,
				808EB21E1B4CC5770076C4F0 /* TestLayoutAction.swift */,
				808EB2201B4CC5B10076C4F0 /* TestDefaultLayoutAction.swift */,
			);
			path = Layout;
			sourceTree = "<group>";
		};
		808EB2161B4CC42D0076C4F0 /* Models */ = {
			isa = PBXGroup;
			children = (
				808EB21C1B4CC4F20076C4F0 /* TestGameModel.swift */,
			);
			path = Models;
			sourceTree = "<group>";
		};
		808EB2171B4CC42D0076C4F0 /* Views */ = {
			isa = PBXGroup;
			children = (
				808EB2241B4CD0CA0076C4F0 /* TestMainImageView.swift */,
			);
			path = Views;
			sourceTree = "<group>";
		};
		808EB2281B4D71E30076C4F0 /* Template */ = {
			isa = PBXGroup;
			children = (
				808EB2291B4D71E30076C4F0 /* Assets */,
				808EB22A1B4D71E30076C4F0 /* Controllers */,
				808EB22B1B4D71E30076C4F0 /* Layout */,
				808EB22C1B4D71E30076C4F0 /* Models */,
				808EB22D1B4D71E30076C4F0 /* Views */,
			);
			path = Template;
			sourceTree = "<group>";
		};
		808EB2291B4D71E30076C4F0 /* Assets */ = {
			isa = PBXGroup;
			children = (
			);
			path = Assets;
			sourceTree = "<group>";
		};
		808EB22A1B4D71E30076C4F0 /* Controllers */ = {
			isa = PBXGroup;
			children = (
				808EB2301B4D71FE0076C4F0 /* TemplateGameController.swift */,
			);
			path = Controllers;
			sourceTree = "<group>";
		};
		808EB22B1B4D71E30076C4F0 /* Layout */ = {
			isa = PBXGroup;
			children = (
				808EB2321B4D72500076C4F0 /* TemplateLayout.swift */,
				808EB2361B4D72D30076C4F0 /* TemplateDefaultLayoutAction.swift */,
				808EB2381B4D72F50076C4F0 /* TemplateLayoutAction.swift */,
			);
			path = Layout;
			sourceTree = "<group>";
		};
		808EB22C1B4D71E30076C4F0 /* Models */ = {
			isa = PBXGroup;
			children = (
				808EB2341B4D72810076C4F0 /* TemplateGameModel.swift */,
			);
			path = Models;
			sourceTree = "<group>";
		};
		808EB22D1B4D71E30076C4F0 /* Views */ = {
			isa = PBXGroup;
			children = (
			);
			path = Views;
			sourceTree = "<group>";
		};
		8092B2451B4CC15600722E0C /* Main */ = {
			isa = PBXGroup;
			children = (
				8092B2461B4CC15600722E0C /* Controllers */,
				8092B2471B4CC15600722E0C /* Layout */,
				8092B2481B4CC15600722E0C /* Models */,
			);
			path = Main;
			sourceTree = "<group>";
		};
		8092B2461B4CC15600722E0C /* Controllers */ = {
			isa = PBXGroup;
			children = (
				8092B2491B4CC16700722E0C /* MainGameController.swift */,
			);
			path = Controllers;
			sourceTree = "<group>";
		};
		8092B2471B4CC15600722E0C /* Layout */ = {
			isa = PBXGroup;
			children = (
				8092B24B1B4CC18700722E0C /* MainLayoutAction.swift */,
			);
			path = Layout;
			sourceTree = "<group>";
		};
		8092B2481B4CC15600722E0C /* Models */ = {
			isa = PBXGroup;
			children = (
				8092B24D1B4CC1A000722E0C /* MainGameModel.swift */,
			);
			path = Models;
			sourceTree = "<group>";
		};
		809C599D1B4E7E0C009BAE61 /* GuessShape */ = {
			isa = PBXGroup;
			children = (
				809C59AF1B4E86BC009BAE61 /* Assets */,
				809C59A01B4E7E0C009BAE61 /* Controllers */,
				809C59A21B4E7E0C009BAE61 /* Layout */,
				809C59A61B4E7E0C009BAE61 /* Models */,
				809C59B41B4E8BB3009BAE61 /* Views */,
			);
			path = GuessShape;
			sourceTree = "<group>";
		};
		809C59A01B4E7E0C009BAE61 /* Controllers */ = {
			isa = PBXGroup;
			children = (
				809C59A11B4E7E0C009BAE61 /* GuessShapeGameController.swift */,
			);
			path = Controllers;
			sourceTree = "<group>";
		};
		809C59A21B4E7E0C009BAE61 /* Layout */ = {
			isa = PBXGroup;
			children = (
				809C59A31B4E7E0C009BAE61 /* GuessShapeDefaultLayoutAction.swift */,
				809C59A41B4E7E0C009BAE61 /* GuessShapeLayout.swift */,
				809C59A51B4E7E0C009BAE61 /* GuessShapeLayoutAction.swift */,
			);
			path = Layout;
			sourceTree = "<group>";
		};
		809C59A61B4E7E0C009BAE61 /* Models */ = {
			isa = PBXGroup;
			children = (
				809C59A71B4E7E0C009BAE61 /* GuessShapeGameModel.swift */,
			);
			path = Models;
			sourceTree = "<group>";
		};
		809C59AF1B4E86BC009BAE61 /* Assets */ = {
			isa = PBXGroup;
			children = (
				80EA133D1B4E97910011E02D /* GuessShape.xcassets */,
			);
			path = Assets;
			sourceTree = "<group>";
		};
		809C59B41B4E8BB3009BAE61 /* Views */ = {
			isa = PBXGroup;
			children = (
			);
			name = Views;
			path = "../../../../../Downloads/BumBam-GuessShape/Bum Bam/GuessShape/Views";
			sourceTree = "<group>";
		};
/* End PBXGroup section */

/* Begin PBXNativeTarget section */
		8081493C1B4A89D3008555EB /* Bum Bam */ = {
			isa = PBXNativeTarget;
			buildConfigurationList = 8081495C1B4A89D3008555EB /* Build configuration list for PBXNativeTarget "Bum Bam" */;
			buildPhases = (
				808149391B4A89D3008555EB /* Sources */,
				8081493A1B4A89D3008555EB /* Frameworks */,
				8081493B1B4A89D3008555EB /* Resources */,
			);
			buildRules = (
			);
			dependencies = (
			);
			name = "Bum Bam";
			productName = "Bum Bam";
			productReference = 8081493D1B4A89D3008555EB /* Bum Bam.app */;
			productType = "com.apple.product-type.application";
		};
		808149511B4A89D3008555EB /* Bum BamTests */ = {
			isa = PBXNativeTarget;
			buildConfigurationList = 8081495F1B4A89D3008555EB /* Build configuration list for PBXNativeTarget "Bum BamTests" */;
			buildPhases = (
				8081494E1B4A89D3008555EB /* Sources */,
				8081494F1B4A89D3008555EB /* Frameworks */,
				808149501B4A89D3008555EB /* Resources */,
			);
			buildRules = (
			);
			dependencies = (
				808149541B4A89D3008555EB /* PBXTargetDependency */,
			);
			name = "Bum BamTests";
			productName = "Bum BamTests";
			productReference = 808149521B4A89D3008555EB /* Bum BamTests.xctest */;
			productType = "com.apple.product-type.bundle.unit-test";
		};
/* End PBXNativeTarget section */

/* Begin PBXProject section */
		808149351B4A89D3008555EB /* Project object */ = {
			isa = PBXProject;
			attributes = {
				LastUpgradeCheck = 0640;
				ORGANIZATIONNAME = TuppleApps;
				TargetAttributes = {
					8081493C1B4A89D3008555EB = {
						CreatedOnToolsVersion = 6.4;
					};
					808149511B4A89D3008555EB = {
						CreatedOnToolsVersion = 6.4;
						TestTargetID = 8081493C1B4A89D3008555EB;
					};
				};
			};
			buildConfigurationList = 808149381B4A89D3008555EB /* Build configuration list for PBXProject "Bum Bam" */;
			compatibilityVersion = "Xcode 3.2";
			developmentRegion = English;
			hasScannedForEncodings = 0;
			knownRegions = (
				en,
				Base,
			);
			mainGroup = 808149341B4A89D3008555EB;
			productRefGroup = 8081493E1B4A89D3008555EB /* Products */;
			projectDirPath = "";
			projectRoot = "";
			targets = (
				8081493C1B4A89D3008555EB /* Bum Bam */,
				808149511B4A89D3008555EB /* Bum BamTests */,
			);
		};
/* End PBXProject section */

/* Begin PBXResourcesBuildPhase section */
		8081493B1B4A89D3008555EB /* Resources */ = {
			isa = PBXResourcesBuildPhase;
			buildActionMask = 2147483647;
			files = (
				808149481B4A89D3008555EB /* Main.storyboard in Resources */,
				808EB2191B4CC43A0076C4F0 /* Test.xcassets in Resources */,
				8081494D1B4A89D3008555EB /* LaunchScreen.xib in Resources */,
				80EA133E1B4E97910011E02D /* GuessShape.xcassets in Resources */,
				8081494A1B4A89D3008555EB /* Images.xcassets in Resources */,
			);
			runOnlyForDeploymentPostprocessing = 0;
		};
		808149501B4A89D3008555EB /* Resources */ = {
			isa = PBXResourcesBuildPhase;
			buildActionMask = 2147483647;
			files = (
			);
			runOnlyForDeploymentPostprocessing = 0;
		};
/* End PBXResourcesBuildPhase section */

/* Begin PBXSourcesBuildPhase section */
		808149391B4A89D3008555EB /* Sources */ = {
			isa = PBXSourcesBuildPhase;
			buildActionMask = 2147483647;
			files = (
				808EB2211B4CC5B10076C4F0 /* TestDefaultLayoutAction.swift in Sources */,
				8092B24C1B4CC18700722E0C /* MainLayoutAction.swift in Sources */,
				808EB2311B4D71FE0076C4F0 /* TemplateGameController.swift in Sources */,
				808EB21F1B4CC5770076C4F0 /* TestLayoutAction.swift in Sources */,
				808EB2271B4D65340076C4F0 /* GameList.swift in Sources */,
				809C59AB1B4E7E0C009BAE61 /* GuessShapeDefaultLayoutAction.swift in Sources */,
				808149451B4A89D3008555EB /* MenuViewController.swift in Sources */,
				8081499B1B4AD387008555EB /* HelperFuncs.swift in Sources */,
				808EB2371B4D72D30076C4F0 /* TemplateDefaultLayoutAction.swift in Sources */,
				8092B24A1B4CC16700722E0C /* MainGameController.swift in Sources */,
				808EB2391B4D72F50076C4F0 /* TemplateLayoutAction.swift in Sources */,
				808EB2351B4D72810076C4F0 /* TemplateGameModel.swift in Sources */,
				8081499A1B4AD387008555EB /* Config.swift in Sources */,
				808EB21D1B4CC4F20076C4F0 /* TestGameModel.swift in Sources */,
				808EB2251B4CD0CA0076C4F0 /* TestMainImageView.swift in Sources */,
				809C59AE1B4E7E0C009BAE61 /* GuessShapeGameModel.swift in Sources */,
				808EB2111B4CC2AA0076C4F0 /* Layout.swift in Sources */,
				808149971B4AD16E008555EB /* GameViewController.swift in Sources */,
				809C59AD1B4E7E0C009BAE61 /* GuessShapeLayoutAction.swift in Sources */,
				809C59AC1B4E7E0C009BAE61 /* GuessShapeLayout.swift in Sources */,
				8092B24E1B4CC1A000722E0C /* MainGameModel.swift in Sources */,
				808EB2231B4CC6080076C4F0 /* TestLayout.swift in Sources */,
				808149431B4A89D3008555EB /* AppDelegate.swift in Sources */,
				809C59AA1B4E7E0C009BAE61 /* GuessShapeGameController.swift in Sources */,
				808EB21B1B4CC4490076C4F0 /* TestGameController.swift in Sources */,
				808EB2331B4D72500076C4F0 /* TemplateLayout.swift in Sources */,
			);
			runOnlyForDeploymentPostprocessing = 0;
		};
		8081494E1B4A89D3008555EB /* Sources */ = {
			isa = PBXSourcesBuildPhase;
			buildActionMask = 2147483647;
			files = (
				808149591B4A89D3008555EB /* Bum_BamTests.swift in Sources */,
			);
			runOnlyForDeploymentPostprocessing = 0;
		};
/* End PBXSourcesBuildPhase section */

/* Begin PBXTargetDependency section */
		808149541B4A89D3008555EB /* PBXTargetDependency */ = {
			isa = PBXTargetDependency;
			target = 8081493C1B4A89D3008555EB /* Bum Bam */;
			targetProxy = 808149531B4A89D3008555EB /* PBXContainerItemProxy */;
		};
/* End PBXTargetDependency section */

/* Begin PBXVariantGroup section */
		808149461B4A89D3008555EB /* Main.storyboard */ = {
			isa = PBXVariantGroup;
			children = (
				808149471B4A89D3008555EB /* Base */,
			);
			name = Main.storyboard;
			sourceTree = "<group>";
		};
		8081494B1B4A89D3008555EB /* LaunchScreen.xib */ = {
			isa = PBXVariantGroup;
			children = (
				8081494C1B4A89D3008555EB /* Base */,
			);
			name = LaunchScreen.xib;
			sourceTree = "<group>";
		};
/* End PBXVariantGroup section */

/* Begin XCBuildConfiguration section */
		8081495A1B4A89D3008555EB /* Debug */ = {
			isa = XCBuildConfiguration;
			buildSettings = {
				ALWAYS_SEARCH_USER_PATHS = NO;
				CLANG_CXX_LANGUAGE_STANDARD = "gnu++0x";
				CLANG_CXX_LIBRARY = "libc++";
				CLANG_ENABLE_MODULES = YES;
				CLANG_ENABLE_OBJC_ARC = YES;
				CLANG_WARN_BOOL_CONVERSION = YES;
				CLANG_WARN_CONSTANT_CONVERSION = YES;
				CLANG_WARN_DIRECT_OBJC_ISA_USAGE = YES_ERROR;
				CLANG_WARN_EMPTY_BODY = YES;
				CLANG_WARN_ENUM_CONVERSION = YES;
				CLANG_WARN_INT_CONVERSION = YES;
				CLANG_WARN_OBJC_ROOT_CLASS = YES_ERROR;
				CLANG_WARN_UNREACHABLE_CODE = YES;
				CLANG_WARN__DUPLICATE_METHOD_MATCH = YES;
				"CODE_SIGN_IDENTITY[sdk=iphoneos*]" = "iPhone Developer";
				COPY_PHASE_STRIP = NO;
				DEBUG_INFORMATION_FORMAT = "dwarf-with-dsym";
				ENABLE_STRICT_OBJC_MSGSEND = YES;
				GCC_C_LANGUAGE_STANDARD = gnu99;
				GCC_DYNAMIC_NO_PIC = NO;
				GCC_NO_COMMON_BLOCKS = YES;
				GCC_OPTIMIZATION_LEVEL = 0;
				GCC_PREPROCESSOR_DEFINITIONS = (
					"DEBUG=1",
					"$(inherited)",
				);
				GCC_SYMBOLS_PRIVATE_EXTERN = NO;
				GCC_WARN_64_TO_32_BIT_CONVERSION = YES;
				GCC_WARN_ABOUT_RETURN_TYPE = YES_ERROR;
				GCC_WARN_UNDECLARED_SELECTOR = YES;
				GCC_WARN_UNINITIALIZED_AUTOS = YES_AGGRESSIVE;
				GCC_WARN_UNUSED_FUNCTION = YES;
				GCC_WARN_UNUSED_VARIABLE = YES;
				IPHONEOS_DEPLOYMENT_TARGET = 8.4;
				MTL_ENABLE_DEBUG_INFO = YES;
				ONLY_ACTIVE_ARCH = YES;
				SDKROOT = iphoneos;
				SWIFT_OPTIMIZATION_LEVEL = "-Onone";
			};
			name = Debug;
		};
		8081495B1B4A89D3008555EB /* Release */ = {
			isa = XCBuildConfiguration;
			buildSettings = {
				ALWAYS_SEARCH_USER_PATHS = NO;
				CLANG_CXX_LANGUAGE_STANDARD = "gnu++0x";
				CLANG_CXX_LIBRARY = "libc++";
				CLANG_ENABLE_MODULES = YES;
				CLANG_ENABLE_OBJC_ARC = YES;
				CLANG_WARN_BOOL_CONVERSION = YES;
				CLANG_WARN_CONSTANT_CONVERSION = YES;
				CLANG_WARN_DIRECT_OBJC_ISA_USAGE = YES_ERROR;
				CLANG_WARN_EMPTY_BODY = YES;
				CLANG_WARN_ENUM_CONVERSION = YES;
				CLANG_WARN_INT_CONVERSION = YES;
				CLANG_WARN_OBJC_ROOT_CLASS = YES_ERROR;
				CLANG_WARN_UNREACHABLE_CODE = YES;
				CLANG_WARN__DUPLICATE_METHOD_MATCH = YES;
				"CODE_SIGN_IDENTITY[sdk=iphoneos*]" = "iPhone Developer";
				COPY_PHASE_STRIP = NO;
				DEBUG_INFORMATION_FORMAT = "dwarf-with-dsym";
				ENABLE_NS_ASSERTIONS = NO;
				ENABLE_STRICT_OBJC_MSGSEND = YES;
				GCC_C_LANGUAGE_STANDARD = gnu99;
				GCC_NO_COMMON_BLOCKS = YES;
				GCC_WARN_64_TO_32_BIT_CONVERSION = YES;
				GCC_WARN_ABOUT_RETURN_TYPE = YES_ERROR;
				GCC_WARN_UNDECLARED_SELECTOR = YES;
				GCC_WARN_UNINITIALIZED_AUTOS = YES_AGGRESSIVE;
				GCC_WARN_UNUSED_FUNCTION = YES;
				GCC_WARN_UNUSED_VARIABLE = YES;
				IPHONEOS_DEPLOYMENT_TARGET = 8.4;
				MTL_ENABLE_DEBUG_INFO = NO;
				SDKROOT = iphoneos;
				VALIDATE_PRODUCT = YES;
			};
			name = Release;
		};
		8081495D1B4A89D3008555EB /* Debug */ = {
			isa = XCBuildConfiguration;
			buildSettings = {
				ASSETCATALOG_COMPILER_APPICON_NAME = AppIcon;
				INFOPLIST_FILE = "Bum Bam/Info.plist";
				LD_RUNPATH_SEARCH_PATHS = "$(inherited) @executable_path/Frameworks";
				PRODUCT_NAME = "$(TARGET_NAME)";
			};
			name = Debug;
		};
		8081495E1B4A89D3008555EB /* Release */ = {
			isa = XCBuildConfiguration;
			buildSettings = {
				ASSETCATALOG_COMPILER_APPICON_NAME = AppIcon;
				INFOPLIST_FILE = "Bum Bam/Info.plist";
				LD_RUNPATH_SEARCH_PATHS = "$(inherited) @executable_path/Frameworks";
				PRODUCT_NAME = "$(TARGET_NAME)";
			};
			name = Release;
		};
		808149601B4A89D3008555EB /* Debug */ = {
			isa = XCBuildConfiguration;
			buildSettings = {
				BUNDLE_LOADER = "$(TEST_HOST)";
				FRAMEWORK_SEARCH_PATHS = (
					"$(SDKROOT)/Developer/Library/Frameworks",
					"$(inherited)",
				);
				GCC_PREPROCESSOR_DEFINITIONS = (
					"DEBUG=1",
					"$(inherited)",
				);
				INFOPLIST_FILE = "Bum BamTests/Info.plist";
				LD_RUNPATH_SEARCH_PATHS = "$(inherited) @executable_path/Frameworks @loader_path/Frameworks";
				PRODUCT_NAME = "$(TARGET_NAME)";
				TEST_HOST = "$(BUILT_PRODUCTS_DIR)/Bum Bam.app/Bum Bam";
			};
			name = Debug;
		};
		808149611B4A89D3008555EB /* Release */ = {
			isa = XCBuildConfiguration;
			buildSettings = {
				BUNDLE_LOADER = "$(TEST_HOST)";
				FRAMEWORK_SEARCH_PATHS = (
					"$(SDKROOT)/Developer/Library/Frameworks",
					"$(inherited)",
				);
				INFOPLIST_FILE = "Bum BamTests/Info.plist";
				LD_RUNPATH_SEARCH_PATHS = "$(inherited) @executable_path/Frameworks @loader_path/Frameworks";
				PRODUCT_NAME = "$(TARGET_NAME)";
				TEST_HOST = "$(BUILT_PRODUCTS_DIR)/Bum Bam.app/Bum Bam";
			};
			name = Release;
		};
/* End XCBuildConfiguration section */

/* Begin XCConfigurationList section */
		808149381B4A89D3008555EB /* Build configuration list for PBXProject "Bum Bam" */ = {
			isa = XCConfigurationList;
			buildConfigurations = (
				8081495A1B4A89D3008555EB /* Debug */,
				8081495B1B4A89D3008555EB /* Release */,
			);
			defaultConfigurationIsVisible = 0;
			defaultConfigurationName = Release;
		};
		8081495C1B4A89D3008555EB /* Build configuration list for PBXNativeTarget "Bum Bam" */ = {
			isa = XCConfigurationList;
			buildConfigurations = (
				8081495D1B4A89D3008555EB /* Debug */,
				8081495E1B4A89D3008555EB /* Release */,
			);
			defaultConfigurationIsVisible = 0;
			defaultConfigurationName = Release;
		};
		8081495F1B4A89D3008555EB /* Build configuration list for PBXNativeTarget "Bum BamTests" */ = {
			isa = XCConfigurationList;
			buildConfigurations = (
				808149601B4A89D3008555EB /* Debug */,
				808149611B4A89D3008555EB /* Release */,
			);
			defaultConfigurationIsVisible = 0;
			defaultConfigurationName = Release;
		};
/* End XCConfigurationList section */
	};
	rootObject = 808149351B4A89D3008555EB /* Project object */;
}
