// !$*UTF8*$!
{
	archiveVersion = 1;
	classes = {
	};
	objectVersion = 46;
	objects = {

/* Begin PBXBuildFile section */
		185D16D91B8C57BD00951D6A /* SettingsBlockButton.swift in Sources */ = {isa = PBXBuildFile; fileRef = 185D16D71B8C57BD00951D6A /* SettingsBlockButton.swift */; };
		185D16DA1B8C57BD00951D6A /* SettingsBlockView.swift in Sources */ = {isa = PBXBuildFile; fileRef = 185D16D81B8C57BD00951D6A /* SettingsBlockView.swift */; };
		186BC86C1B8F01AD00179C60 /* CLConfig.swift in Sources */ = {isa = PBXBuildFile; fileRef = 186BC8631B8F01AD00179C60 /* CLConfig.swift */; };
		186BC86D1B8F01AD00179C60 /* CLGameController.swift in Sources */ = {isa = PBXBuildFile; fileRef = 186BC8651B8F01AD00179C60 /* CLGameController.swift */; };
		186BC86E1B8F01AD00179C60 /* CLDefaultLayoutAction.swift in Sources */ = {isa = PBXBuildFile; fileRef = 186BC8671B8F01AD00179C60 /* CLDefaultLayoutAction.swift */; };
		186BC86F1B8F01AD00179C60 /* CLLayout.swift in Sources */ = {isa = PBXBuildFile; fileRef = 186BC8681B8F01AD00179C60 /* CLLayout.swift */; };
		186BC8701B8F01AD00179C60 /* CLLayoutAction.swift in Sources */ = {isa = PBXBuildFile; fileRef = 186BC8691B8F01AD00179C60 /* CLLayoutAction.swift */; };
		186BC8711B8F01AD00179C60 /* CLGameModel.swift in Sources */ = {isa = PBXBuildFile; fileRef = 186BC86B1B8F01AD00179C60 /* CLGameModel.swift */; };
		187B0E731B8CB3BE00E94FF6 /* ASGameController.swift in Sources */ = {isa = PBXBuildFile; fileRef = 187B0E6B1B8CB3BE00E94FF6 /* ASGameController.swift */; };
		187B0E741B8CB3BE00E94FF6 /* ASDefaultLayoutAction.swift in Sources */ = {isa = PBXBuildFile; fileRef = 187B0E6D1B8CB3BE00E94FF6 /* ASDefaultLayoutAction.swift */; };
		187B0E751B8CB3BE00E94FF6 /* ASLayout.swift in Sources */ = {isa = PBXBuildFile; fileRef = 187B0E6E1B8CB3BE00E94FF6 /* ASLayout.swift */; };
		187B0E761B8CB3BE00E94FF6 /* ASLayoutAction.swift in Sources */ = {isa = PBXBuildFile; fileRef = 187B0E6F1B8CB3BE00E94FF6 /* ASLayoutAction.swift */; };
		187B0E771B8CB3BE00E94FF6 /* ASGameModel.swift in Sources */ = {isa = PBXBuildFile; fileRef = 187B0E711B8CB3BE00E94FF6 /* ASGameModel.swift */; };
		187B0E781B8CB3BE00E94FF6 /* ASConfig.swift in Sources */ = {isa = PBXBuildFile; fileRef = 187B0E721B8CB3BE00E94FF6 /* ASConfig.swift */; };
		187B0E7A1B8CEF9F00E94FF6 /* ASHelper.swift in Sources */ = {isa = PBXBuildFile; fileRef = 187B0E791B8CEF9F00E94FF6 /* ASHelper.swift */; };
		187B0E7D1B8CF8F400E94FF6 /* tiger.mp3 in Resources */ = {isa = PBXBuildFile; fileRef = 187B0E7C1B8CF8F400E94FF6 /* tiger.mp3 */; };
		18B073111B8D8E1600647324 /* PZGameController.swift in Sources */ = {isa = PBXBuildFile; fileRef = 18B073091B8D8E1600647324 /* PZGameController.swift */; };
		18B073121B8D8E1600647324 /* PZDefaultLayoutAction.swift in Sources */ = {isa = PBXBuildFile; fileRef = 18B0730B1B8D8E1600647324 /* PZDefaultLayoutAction.swift */; };
		18B073131B8D8E1600647324 /* PZLayout.swift in Sources */ = {isa = PBXBuildFile; fileRef = 18B0730C1B8D8E1600647324 /* PZLayout.swift */; };
		18B073141B8D8E1600647324 /* PZLayoutAction.swift in Sources */ = {isa = PBXBuildFile; fileRef = 18B0730D1B8D8E1600647324 /* PZLayoutAction.swift */; };
		18B073151B8D8E1600647324 /* PZGameModel.swift in Sources */ = {isa = PBXBuildFile; fileRef = 18B0730F1B8D8E1600647324 /* PZGameModel.swift */; };
		18B073161B8D8E1600647324 /* PZConfig.swift in Sources */ = {isa = PBXBuildFile; fileRef = 18B073101B8D8E1600647324 /* PZConfig.swift */; };
		18B0731A1B8DAA2700647324 /* PZTileView.swift in Sources */ = {isa = PBXBuildFile; fileRef = 18B073191B8DAA2600647324 /* PZTileView.swift */; };
		18B0731C1B8DAADF00647324 /* PZTileHelperView.swift in Sources */ = {isa = PBXBuildFile; fileRef = 18B0731B1B8DAADF00647324 /* PZTileHelperView.swift */; };
		18DBE9DE1B50088000DE3009 /* Schoolbell.ttf in Resources */ = {isa = PBXBuildFile; fileRef = 18DBE9DD1B50088000DE3009 /* Schoolbell.ttf */; };
		18F326DC1B8E0755001BEE04 /* PZTilesView.swift in Sources */ = {isa = PBXBuildFile; fileRef = 18F326DB1B8E0755001BEE04 /* PZTilesView.swift */; };
		18F326DE1B8E176E001BEE04 /* PZBoardTileView.swift in Sources */ = {isa = PBXBuildFile; fileRef = 18F326DD1B8E176E001BEE04 /* PZBoardTileView.swift */; };
		8055196A1B7A59110001823F /* GuessShapeHelper.swift in Sources */ = {isa = PBXBuildFile; fileRef = 805519691B7A59110001823F /* GuessShapeHelper.swift */; };
		808149431B4A89D3008555EB /* AppDelegate.swift in Sources */ = {isa = PBXBuildFile; fileRef = 808149421B4A89D3008555EB /* AppDelegate.swift */; };
		808149451B4A89D3008555EB /* MenuViewController.swift in Sources */ = {isa = PBXBuildFile; fileRef = 808149441B4A89D3008555EB /* MenuViewController.swift */; };
		808149481B4A89D3008555EB /* Main.storyboard in Resources */ = {isa = PBXBuildFile; fileRef = 808149461B4A89D3008555EB /* Main.storyboard */; };
		8081494A1B4A89D3008555EB /* Images.xcassets in Resources */ = {isa = PBXBuildFile; fileRef = 808149491B4A89D3008555EB /* Images.xcassets */; };
		8081494D1B4A89D3008555EB /* LaunchScreen.xib in Resources */ = {isa = PBXBuildFile; fileRef = 8081494B1B4A89D3008555EB /* LaunchScreen.xib */; };
		808149591B4A89D3008555EB /* Bum_BamTests.swift in Sources */ = {isa = PBXBuildFile; fileRef = 808149581B4A89D3008555EB /* Bum_BamTests.swift */; };
		808149971B4AD16E008555EB /* GameViewController.swift in Sources */ = {isa = PBXBuildFile; fileRef = 808149961B4AD16E008555EB /* GameViewController.swift */; };
		8081499A1B4AD387008555EB /* Config.swift in Sources */ = {isa = PBXBuildFile; fileRef = 808149981B4AD387008555EB /* Config.swift */; };
		8081499B1B4AD387008555EB /* HelperFuncs.swift in Sources */ = {isa = PBXBuildFile; fileRef = 808149991B4AD387008555EB /* HelperFuncs.swift */; };
		808EB2111B4CC2AA0076C4F0 /* Layout.swift in Sources */ = {isa = PBXBuildFile; fileRef = 808EB2101B4CC2AA0076C4F0 /* Layout.swift */; };
		808EB21B1B4CC4490076C4F0 /* TestGameController.swift in Sources */ = {isa = PBXBuildFile; fileRef = 808EB21A1B4CC4490076C4F0 /* TestGameController.swift */; };
		808EB21D1B4CC4F20076C4F0 /* TestGameModel.swift in Sources */ = {isa = PBXBuildFile; fileRef = 808EB21C1B4CC4F20076C4F0 /* TestGameModel.swift */; };
		808EB21F1B4CC5770076C4F0 /* TestLayoutAction.swift in Sources */ = {isa = PBXBuildFile; fileRef = 808EB21E1B4CC5770076C4F0 /* TestLayoutAction.swift */; };
		808EB2211B4CC5B10076C4F0 /* TestDefaultLayoutAction.swift in Sources */ = {isa = PBXBuildFile; fileRef = 808EB2201B4CC5B10076C4F0 /* TestDefaultLayoutAction.swift */; };
		808EB2231B4CC6080076C4F0 /* TestLayout.swift in Sources */ = {isa = PBXBuildFile; fileRef = 808EB2221B4CC6080076C4F0 /* TestLayout.swift */; };
		808EB2251B4CD0CA0076C4F0 /* TestMainImageView.swift in Sources */ = {isa = PBXBuildFile; fileRef = 808EB2241B4CD0CA0076C4F0 /* TestMainImageView.swift */; };
		808EB2271B4D65340076C4F0 /* GameList.swift in Sources */ = {isa = PBXBuildFile; fileRef = 808EB2261B4D65340076C4F0 /* GameList.swift */; };
		808EB2311B4D71FE0076C4F0 /* TemplateGameController.swift in Sources */ = {isa = PBXBuildFile; fileRef = 808EB2301B4D71FE0076C4F0 /* TemplateGameController.swift */; };
		808EB2331B4D72500076C4F0 /* TemplateLayout.swift in Sources */ = {isa = PBXBuildFile; fileRef = 808EB2321B4D72500076C4F0 /* TemplateLayout.swift */; };
		808EB2351B4D72810076C4F0 /* TemplateGameModel.swift in Sources */ = {isa = PBXBuildFile; fileRef = 808EB2341B4D72810076C4F0 /* TemplateGameModel.swift */; };
		808EB2371B4D72D30076C4F0 /* TemplateDefaultLayoutAction.swift in Sources */ = {isa = PBXBuildFile; fileRef = 808EB2361B4D72D30076C4F0 /* TemplateDefaultLayoutAction.swift */; };
		808EB2391B4D72F50076C4F0 /* TemplateLayoutAction.swift in Sources */ = {isa = PBXBuildFile; fileRef = 808EB2381B4D72F50076C4F0 /* TemplateLayoutAction.swift */; };
		8092B24A1B4CC16700722E0C /* MainGameController.swift in Sources */ = {isa = PBXBuildFile; fileRef = 8092B2491B4CC16700722E0C /* MainGameController.swift */; };
		8092B24C1B4CC18700722E0C /* MainLayoutAction.swift in Sources */ = {isa = PBXBuildFile; fileRef = 8092B24B1B4CC18700722E0C /* MainLayoutAction.swift */; };
		8092B24E1B4CC1A000722E0C /* MainGameModel.swift in Sources */ = {isa = PBXBuildFile; fileRef = 8092B24D1B4CC1A000722E0C /* MainGameModel.swift */; };
		80A410D11B4F286500511C90 /* GuessShapeGameController.swift in Sources */ = {isa = PBXBuildFile; fileRef = 80A410C71B4F286500511C90 /* GuessShapeGameController.swift */; };
		80A410D21B4F286500511C90 /* GuessShapeDefaultLayoutAction.swift in Sources */ = {isa = PBXBuildFile; fileRef = 80A410C91B4F286500511C90 /* GuessShapeDefaultLayoutAction.swift */; };
		80A410D31B4F286500511C90 /* GuessShapeLayout.swift in Sources */ = {isa = PBXBuildFile; fileRef = 80A410CA1B4F286500511C90 /* GuessShapeLayout.swift */; };
		80A410D41B4F286500511C90 /* GuessShapeLayoutAction.swift in Sources */ = {isa = PBXBuildFile; fileRef = 80A410CB1B4F286500511C90 /* GuessShapeLayoutAction.swift */; };
		80A410D51B4F286500511C90 /* GuessShapeGameModel.swift in Sources */ = {isa = PBXBuildFile; fileRef = 80A410CD1B4F286500511C90 /* GuessShapeGameModel.swift */; };
		80A410D61B4F286500511C90 /* GuessShapeThumbView.swift in Sources */ = {isa = PBXBuildFile; fileRef = 80A410CF1B4F286500511C90 /* GuessShapeThumbView.swift */; };
		80A410D81B4FA37400511C90 /* GuessShapeConfig.swift in Sources */ = {isa = PBXBuildFile; fileRef = 80A410D71B4FA37400511C90 /* GuessShapeConfig.swift */; };
		80A410DA1B4FA4EF00511C90 /* TemplateConfig.swift in Sources */ = {isa = PBXBuildFile; fileRef = 80A410D91B4FA4EF00511C90 /* TemplateConfig.swift */; };
/* End PBXBuildFile section */

/* Begin PBXContainerItemProxy section */
		808149531B4A89D3008555EB /* PBXContainerItemProxy */ = {
			isa = PBXContainerItemProxy;
			containerPortal = 808149351B4A89D3008555EB /* Project object */;
			proxyType = 1;
			remoteGlobalIDString = 8081493C1B4A89D3008555EB;
			remoteInfo = "Bum Bam";
		};
/* End PBXContainerItemProxy section */

/* Begin PBXFileReference section */
		185D16D71B8C57BD00951D6A /* SettingsBlockButton.swift */ = {isa = PBXFileReference; fileEncoding = 4; lastKnownFileType = sourcecode.swift; path = SettingsBlockButton.swift; sourceTree = "<group>"; };
		185D16D81B8C57BD00951D6A /* SettingsBlockView.swift */ = {isa = PBXFileReference; fileEncoding = 4; lastKnownFileType = sourcecode.swift; path = SettingsBlockView.swift; sourceTree = "<group>"; };
		186BC8631B8F01AD00179C60 /* CLConfig.swift */ = {isa = PBXFileReference; fileEncoding = 4; lastKnownFileType = sourcecode.swift; path = CLConfig.swift; sourceTree = "<group>"; };
		186BC8651B8F01AD00179C60 /* CLGameController.swift */ = {isa = PBXFileReference; fileEncoding = 4; lastKnownFileType = sourcecode.swift; path = CLGameController.swift; sourceTree = "<group>"; };
		186BC8671B8F01AD00179C60 /* CLDefaultLayoutAction.swift */ = {isa = PBXFileReference; fileEncoding = 4; lastKnownFileType = sourcecode.swift; path = CLDefaultLayoutAction.swift; sourceTree = "<group>"; };
		186BC8681B8F01AD00179C60 /* CLLayout.swift */ = {isa = PBXFileReference; fileEncoding = 4; lastKnownFileType = sourcecode.swift; path = CLLayout.swift; sourceTree = "<group>"; };
		186BC8691B8F01AD00179C60 /* CLLayoutAction.swift */ = {isa = PBXFileReference; fileEncoding = 4; lastKnownFileType = sourcecode.swift; path = CLLayoutAction.swift; sourceTree = "<group>"; };
		186BC86B1B8F01AD00179C60 /* CLGameModel.swift */ = {isa = PBXFileReference; fileEncoding = 4; lastKnownFileType = sourcecode.swift; path = CLGameModel.swift; sourceTree = "<group>"; };
		187B0E6B1B8CB3BE00E94FF6 /* ASGameController.swift */ = {isa = PBXFileReference; fileEncoding = 4; lastKnownFileType = sourcecode.swift; path = ASGameController.swift; sourceTree = "<group>"; };
		187B0E6D1B8CB3BE00E94FF6 /* ASDefaultLayoutAction.swift */ = {isa = PBXFileReference; fileEncoding = 4; lastKnownFileType = sourcecode.swift; path = ASDefaultLayoutAction.swift; sourceTree = "<group>"; };
		187B0E6E1B8CB3BE00E94FF6 /* ASLayout.swift */ = {isa = PBXFileReference; fileEncoding = 4; lastKnownFileType = sourcecode.swift; path = ASLayout.swift; sourceTree = "<group>"; };
		187B0E6F1B8CB3BE00E94FF6 /* ASLayoutAction.swift */ = {isa = PBXFileReference; fileEncoding = 4; lastKnownFileType = sourcecode.swift; path = ASLayoutAction.swift; sourceTree = "<group>"; };
		187B0E711B8CB3BE00E94FF6 /* ASGameModel.swift */ = {isa = PBXFileReference; fileEncoding = 4; lastKnownFileType = sourcecode.swift; path = ASGameModel.swift; sourceTree = "<group>"; };
		187B0E721B8CB3BE00E94FF6 /* ASConfig.swift */ = {isa = PBXFileReference; fileEncoding = 4; lastKnownFileType = sourcecode.swift; path = ASConfig.swift; sourceTree = "<group>"; };
		187B0E791B8CEF9F00E94FF6 /* ASHelper.swift */ = {isa = PBXFileReference; fileEncoding = 4; lastKnownFileType = sourcecode.swift; name = ASHelper.swift; path = ../../../../Documents/ASHelper.swift; sourceTree = "<group>"; };
		187B0E7C1B8CF8F400E94FF6 /* tiger.mp3 */ = {isa = PBXFileReference; lastKnownFileType = audio.mp3; path = tiger.mp3; sourceTree = "<group>"; };
		18B073091B8D8E1600647324 /* PZGameController.swift */ = {isa = PBXFileReference; fileEncoding = 4; lastKnownFileType = sourcecode.swift; path = PZGameController.swift; sourceTree = "<group>"; };
		18B0730B1B8D8E1600647324 /* PZDefaultLayoutAction.swift */ = {isa = PBXFileReference; fileEncoding = 4; lastKnownFileType = sourcecode.swift; path = PZDefaultLayoutAction.swift; sourceTree = "<group>"; };
		18B0730C1B8D8E1600647324 /* PZLayout.swift */ = {isa = PBXFileReference; fileEncoding = 4; lastKnownFileType = sourcecode.swift; path = PZLayout.swift; sourceTree = "<group>"; };
		18B0730D1B8D8E1600647324 /* PZLayoutAction.swift */ = {isa = PBXFileReference; fileEncoding = 4; lastKnownFileType = sourcecode.swift; path = PZLayoutAction.swift; sourceTree = "<group>"; };
		18B0730F1B8D8E1600647324 /* PZGameModel.swift */ = {isa = PBXFileReference; fileEncoding = 4; lastKnownFileType = sourcecode.swift; path = PZGameModel.swift; sourceTree = "<group>"; };
		18B073101B8D8E1600647324 /* PZConfig.swift */ = {isa = PBXFileReference; fileEncoding = 4; lastKnownFileType = sourcecode.swift; path = PZConfig.swift; sourceTree = "<group>"; };
		18B073191B8DAA2600647324 /* PZTileView.swift */ = {isa = PBXFileReference; fileEncoding = 4; lastKnownFileType = sourcecode.swift; path = PZTileView.swift; sourceTree = "<group>"; };
		18B0731B1B8DAADF00647324 /* PZTileHelperView.swift */ = {isa = PBXFileReference; fileEncoding = 4; lastKnownFileType = sourcecode.swift; path = PZTileHelperView.swift; sourceTree = "<group>"; };
		18DBE9DD1B50088000DE3009 /* Schoolbell.ttf */ = {isa = PBXFileReference; lastKnownFileType = file; path = Schoolbell.ttf; sourceTree = "<group>"; };
		18F326DB1B8E0755001BEE04 /* PZTilesView.swift */ = {isa = PBXFileReference; fileEncoding = 4; lastKnownFileType = sourcecode.swift; path = PZTilesView.swift; sourceTree = "<group>"; };
		18F326DD1B8E176E001BEE04 /* PZBoardTileView.swift */ = {isa = PBXFileReference; fileEncoding = 4; lastKnownFileType = sourcecode.swift; path = PZBoardTileView.swift; sourceTree = "<group>"; };
		805519691B7A59110001823F /* GuessShapeHelper.swift */ = {isa = PBXFileReference; fileEncoding = 4; lastKnownFileType = sourcecode.swift; path = GuessShapeHelper.swift; sourceTree = "<group>"; };
		8081493D1B4A89D3008555EB /* Bum Bam.app */ = {isa = PBXFileReference; explicitFileType = wrapper.application; includeInIndex = 0; path = "Bum Bam.app"; sourceTree = BUILT_PRODUCTS_DIR; };
		808149411B4A89D3008555EB /* Info.plist */ = {isa = PBXFileReference; lastKnownFileType = text.plist.xml; path = Info.plist; sourceTree = "<group>"; };
		808149421B4A89D3008555EB /* AppDelegate.swift */ = {isa = PBXFileReference; lastKnownFileType = sourcecode.swift; path = AppDelegate.swift; sourceTree = "<group>"; };
		808149441B4A89D3008555EB /* MenuViewController.swift */ = {isa = PBXFileReference; lastKnownFileType = sourcecode.swift; path = MenuViewController.swift; sourceTree = "<group>"; };
		808149471B4A89D3008555EB /* Base */ = {isa = PBXFileReference; lastKnownFileType = file.storyboard; name = Base; path = Base.lproj/Main.storyboard; sourceTree = "<group>"; };
		808149491B4A89D3008555EB /* Images.xcassets */ = {isa = PBXFileReference; lastKnownFileType = folder.assetcatalog; path = Images.xcassets; sourceTree = "<group>"; };
		8081494C1B4A89D3008555EB /* Base */ = {isa = PBXFileReference; lastKnownFileType = file.xib; name = Base; path = Base.lproj/LaunchScreen.xib; sourceTree = "<group>"; };
		808149521B4A89D3008555EB /* Bum BamTests.xctest */ = {isa = PBXFileReference; explicitFileType = wrapper.cfbundle; includeInIndex = 0; path = "Bum BamTests.xctest"; sourceTree = BUILT_PRODUCTS_DIR; };
		808149571B4A89D3008555EB /* Info.plist */ = {isa = PBXFileReference; lastKnownFileType = text.plist.xml; path = Info.plist; sourceTree = "<group>"; };
		808149581B4A89D3008555EB /* Bum_BamTests.swift */ = {isa = PBXFileReference; lastKnownFileType = sourcecode.swift; path = Bum_BamTests.swift; sourceTree = "<group>"; };
		808149961B4AD16E008555EB /* GameViewController.swift */ = {isa = PBXFileReference; fileEncoding = 4; lastKnownFileType = sourcecode.swift; path = GameViewController.swift; sourceTree = "<group>"; };
		808149981B4AD387008555EB /* Config.swift */ = {isa = PBXFileReference; fileEncoding = 4; lastKnownFileType = sourcecode.swift; path = Config.swift; sourceTree = "<group>"; };
		808149991B4AD387008555EB /* HelperFuncs.swift */ = {isa = PBXFileReference; fileEncoding = 4; lastKnownFileType = sourcecode.swift; path = HelperFuncs.swift; sourceTree = "<group>"; };
		808EB2101B4CC2AA0076C4F0 /* Layout.swift */ = {isa = PBXFileReference; fileEncoding = 4; lastKnownFileType = sourcecode.swift; path = Layout.swift; sourceTree = "<group>"; };
		808EB21A1B4CC4490076C4F0 /* TestGameController.swift */ = {isa = PBXFileReference; fileEncoding = 4; lastKnownFileType = sourcecode.swift; path = TestGameController.swift; sourceTree = "<group>"; };
		808EB21C1B4CC4F20076C4F0 /* TestGameModel.swift */ = {isa = PBXFileReference; fileEncoding = 4; lastKnownFileType = sourcecode.swift; path = TestGameModel.swift; sourceTree = "<group>"; };
		808EB21E1B4CC5770076C4F0 /* TestLayoutAction.swift */ = {isa = PBXFileReference; fileEncoding = 4; lastKnownFileType = sourcecode.swift; path = TestLayoutAction.swift; sourceTree = "<group>"; };
		808EB2201B4CC5B10076C4F0 /* TestDefaultLayoutAction.swift */ = {isa = PBXFileReference; fileEncoding = 4; lastKnownFileType = sourcecode.swift; path = TestDefaultLayoutAction.swift; sourceTree = "<group>"; };
		808EB2221B4CC6080076C4F0 /* TestLayout.swift */ = {isa = PBXFileReference; fileEncoding = 4; lastKnownFileType = sourcecode.swift; path = TestLayout.swift; sourceTree = "<group>"; };
		808EB2241B4CD0CA0076C4F0 /* TestMainImageView.swift */ = {isa = PBXFileReference; fileEncoding = 4; lastKnownFileType = sourcecode.swift; path = TestMainImageView.swift; sourceTree = "<group>"; };
		808EB2261B4D65340076C4F0 /* GameList.swift */ = {isa = PBXFileReference; fileEncoding = 4; lastKnownFileType = sourcecode.swift; path = GameList.swift; sourceTree = "<group>"; };
		808EB2301B4D71FE0076C4F0 /* TemplateGameController.swift */ = {isa = PBXFileReference; fileEncoding = 4; lastKnownFileType = sourcecode.swift; path = TemplateGameController.swift; sourceTree = "<group>"; };
		808EB2321B4D72500076C4F0 /* TemplateLayout.swift */ = {isa = PBXFileReference; fileEncoding = 4; lastKnownFileType = sourcecode.swift; path = TemplateLayout.swift; sourceTree = "<group>"; };
		808EB2341B4D72810076C4F0 /* TemplateGameModel.swift */ = {isa = PBXFileReference; fileEncoding = 4; lastKnownFileType = sourcecode.swift; path = TemplateGameModel.swift; sourceTree = "<group>"; };
		808EB2361B4D72D30076C4F0 /* TemplateDefaultLayoutAction.swift */ = {isa = PBXFileReference; fileEncoding = 4; lastKnownFileType = sourcecode.swift; path = TemplateDefaultLayoutAction.swift; sourceTree = "<group>"; };
		808EB2381B4D72F50076C4F0 /* TemplateLayoutAction.swift */ = {isa = PBXFileReference; fileEncoding = 4; lastKnownFileType = sourcecode.swift; path = TemplateLayoutAction.swift; sourceTree = "<group>"; };
		8092B2491B4CC16700722E0C /* MainGameController.swift */ = {isa = PBXFileReference; fileEncoding = 4; lastKnownFileType = sourcecode.swift; path = MainGameController.swift; sourceTree = "<group>"; };
		8092B24B1B4CC18700722E0C /* MainLayoutAction.swift */ = {isa = PBXFileReference; fileEncoding = 4; lastKnownFileType = sourcecode.swift; path = MainLayoutAction.swift; sourceTree = "<group>"; };
		8092B24D1B4CC1A000722E0C /* MainGameModel.swift */ = {isa = PBXFileReference; fileEncoding = 4; lastKnownFileType = sourcecode.swift; path = MainGameModel.swift; sourceTree = "<group>"; };
		80A410C71B4F286500511C90 /* GuessShapeGameController.swift */ = {isa = PBXFileReference; fileEncoding = 4; lastKnownFileType = sourcecode.swift; path = GuessShapeGameController.swift; sourceTree = "<group>"; };
		80A410C91B4F286500511C90 /* GuessShapeDefaultLayoutAction.swift */ = {isa = PBXFileReference; fileEncoding = 4; lastKnownFileType = sourcecode.swift; path = GuessShapeDefaultLayoutAction.swift; sourceTree = "<group>"; };
		80A410CA1B4F286500511C90 /* GuessShapeLayout.swift */ = {isa = PBXFileReference; fileEncoding = 4; lastKnownFileType = sourcecode.swift; path = GuessShapeLayout.swift; sourceTree = "<group>"; };
		80A410CB1B4F286500511C90 /* GuessShapeLayoutAction.swift */ = {isa = PBXFileReference; fileEncoding = 4; lastKnownFileType = sourcecode.swift; path = GuessShapeLayoutAction.swift; sourceTree = "<group>"; };
		80A410CD1B4F286500511C90 /* GuessShapeGameModel.swift */ = {isa = PBXFileReference; fileEncoding = 4; lastKnownFileType = sourcecode.swift; path = GuessShapeGameModel.swift; sourceTree = "<group>"; };
		80A410CF1B4F286500511C90 /* GuessShapeThumbView.swift */ = {isa = PBXFileReference; fileEncoding = 4; lastKnownFileType = sourcecode.swift; path = GuessShapeThumbView.swift; sourceTree = "<group>"; };
		80A410D71B4FA37400511C90 /* GuessShapeConfig.swift */ = {isa = PBXFileReference; fileEncoding = 4; lastKnownFileType = sourcecode.swift; path = GuessShapeConfig.swift; sourceTree = "<group>"; };
		80A410D91B4FA4EF00511C90 /* TemplateConfig.swift */ = {isa = PBXFileReference; fileEncoding = 4; lastKnownFileType = sourcecode.swift; path = TemplateConfig.swift; sourceTree = "<group>"; };
/* End PBXFileReference section */

/* Begin PBXFrameworksBuildPhase section */
		8081493A1B4A89D3008555EB /* Frameworks */ = {
			isa = PBXFrameworksBuildPhase;
			buildActionMask = 2147483647;
			files = (
			);
			runOnlyForDeploymentPostprocessing = 0;
		};
		8081494F1B4A89D3008555EB /* Frameworks */ = {
			isa = PBXFrameworksBuildPhase;
			buildActionMask = 2147483647;
			files = (
			);
			runOnlyForDeploymentPostprocessing = 0;
		};
/* End PBXFrameworksBuildPhase section */

/* Begin PBXGroup section */
		186BC8621B8F01AD00179C60 /* CL */ = {
			isa = PBXGroup;
			children = (
				186BC8631B8F01AD00179C60 /* CLConfig.swift */,
				186BC8641B8F01AD00179C60 /* Controllers */,
				186BC8661B8F01AD00179C60 /* Layout */,
				186BC86A1B8F01AD00179C60 /* Models */,
			);
			path = CL;
			sourceTree = "<group>";
		};
		186BC8641B8F01AD00179C60 /* Controllers */ = {
			isa = PBXGroup;
			children = (
				186BC8651B8F01AD00179C60 /* CLGameController.swift */,
			);
			path = Controllers;
			sourceTree = "<group>";
		};
		186BC8661B8F01AD00179C60 /* Layout */ = {
			isa = PBXGroup;
			children = (
				186BC8671B8F01AD00179C60 /* CLDefaultLayoutAction.swift */,
				186BC8681B8F01AD00179C60 /* CLLayout.swift */,
				186BC8691B8F01AD00179C60 /* CLLayoutAction.swift */,
			);
			path = Layout;
			sourceTree = "<group>";
		};
		186BC86A1B8F01AD00179C60 /* Models */ = {
			isa = PBXGroup;
			children = (
				186BC86B1B8F01AD00179C60 /* CLGameModel.swift */,
			);
			path = Models;
			sourceTree = "<group>";
		};
		187B0E691B8CB3BE00E94FF6 /* AS */ = {
			isa = PBXGroup;
			children = (
				187B0E791B8CEF9F00E94FF6 /* ASHelper.swift */,
				187B0E721B8CB3BE00E94FF6 /* ASConfig.swift */,
				187B0E6A1B8CB3BE00E94FF6 /* Controllers */,
				187B0E6C1B8CB3BE00E94FF6 /* Layout */,
				187B0E701B8CB3BE00E94FF6 /* Models */,
			);
			path = AS;
			sourceTree = "<group>";
		};
		187B0E6A1B8CB3BE00E94FF6 /* Controllers */ = {
			isa = PBXGroup;
			children = (
				187B0E6B1B8CB3BE00E94FF6 /* ASGameController.swift */,
			);
			path = Controllers;
			sourceTree = "<group>";
		};
		187B0E6C1B8CB3BE00E94FF6 /* Layout */ = {
			isa = PBXGroup;
			children = (
				187B0E6D1B8CB3BE00E94FF6 /* ASDefaultLayoutAction.swift */,
				187B0E6E1B8CB3BE00E94FF6 /* ASLayout.swift */,
				187B0E6F1B8CB3BE00E94FF6 /* ASLayoutAction.swift */,
			);
			path = Layout;
			sourceTree = "<group>";
		};
		187B0E701B8CB3BE00E94FF6 /* Models */ = {
			isa = PBXGroup;
			children = (
				187B0E711B8CB3BE00E94FF6 /* ASGameModel.swift */,
			);
			path = Models;
			sourceTree = "<group>";
		};
		187B0E7B1B8CF8DD00E94FF6 /* Assets */ = {
			isa = PBXGroup;
			children = (
				187B0E7C1B8CF8F400E94FF6 /* tiger.mp3 */,
			);
			path = Assets;
			sourceTree = "<group>";
		};
		18B073071B8D8E1600647324 /* PZ */ = {
			isa = PBXGroup;
			children = (
				18B073101B8D8E1600647324 /* PZConfig.swift */,
				18B073081B8D8E1600647324 /* Controllers */,
				18B0730A1B8D8E1600647324 /* Layout */,
				18B0730E1B8D8E1600647324 /* Models */,
				18B073181B8DA9F700647324 /* Views */,
			);
			path = PZ;
			sourceTree = "<group>";
		};
		18B073081B8D8E1600647324 /* Controllers */ = {
			isa = PBXGroup;
			children = (
				18B073091B8D8E1600647324 /* PZGameController.swift */,
			);
			path = Controllers;
			sourceTree = "<group>";
		};
		18B0730A1B8D8E1600647324 /* Layout */ = {
			isa = PBXGroup;
			children = (
				18B0730B1B8D8E1600647324 /* PZDefaultLayoutAction.swift */,
				18B0730C1B8D8E1600647324 /* PZLayout.swift */,
				18B0730D1B8D8E1600647324 /* PZLayoutAction.swift */,
			);
			path = Layout;
			sourceTree = "<group>";
		};
		18B0730E1B8D8E1600647324 /* Models */ = {
			isa = PBXGroup;
			children = (
				18B0730F1B8D8E1600647324 /* PZGameModel.swift */,
			);
			path = Models;
			sourceTree = "<group>";
		};
		18B073181B8DA9F700647324 /* Views */ = {
			isa = PBXGroup;
			children = (
				18B073191B8DAA2600647324 /* PZTileView.swift */,
				18B0731B1B8DAADF00647324 /* PZTileHelperView.swift */,
				18F326DB1B8E0755001BEE04 /* PZTilesView.swift */,
				18F326DD1B8E176E001BEE04 /* PZBoardTileView.swift */,
			);
			path = Views;
			sourceTree = "<group>";
		};
		808149341B4A89D3008555EB = {
			isa = PBXGroup;
			children = (
				8081493F1B4A89D3008555EB /* Bum Bam */,
				808149551B4A89D3008555EB /* Bum BamTests */,
				8081493E1B4A89D3008555EB /* Products */,
			);
			sourceTree = "<group>";
		};
		8081493E1B4A89D3008555EB /* Products */ = {
			isa = PBXGroup;
			children = (
				8081493D1B4A89D3008555EB /* Bum Bam.app */,
				808149521B4A89D3008555EB /* Bum BamTests.xctest */,
			);
			name = Products;
			sourceTree = "<group>";
		};
		8081493F1B4A89D3008555EB /* Bum Bam */ = {
			isa = PBXGroup;
			children = (
				808149981B4AD387008555EB /* Config.swift */,
				808149991B4AD387008555EB /* HelperFuncs.swift */,
				808EB2101B4CC2AA0076C4F0 /* Layout.swift */,
				808EB2261B4D65340076C4F0 /* GameList.swift */,
				186BC8621B8F01AD00179C60 /* CL */,
				18B073071B8D8E1600647324 /* PZ */,
				187B0E691B8CB3BE00E94FF6 /* AS */,
				80A410C31B4F286500511C90 /* GuessShape */,
				808EB2281B4D71E30076C4F0 /* Template */,
				808EB2121B4CC42D0076C4F0 /* Test */,
				8092B2451B4CC15600722E0C /* Main */,
				808149421B4A89D3008555EB /* AppDelegate.swift */,
				808149441B4A89D3008555EB /* MenuViewController.swift */,
				808149961B4AD16E008555EB /* GameViewController.swift */,
				808149461B4A89D3008555EB /* Main.storyboard */,
				808149491B4A89D3008555EB /* Images.xcassets */,
				18DBE9DD1B50088000DE3009 /* Schoolbell.ttf */,
				8081494B1B4A89D3008555EB /* LaunchScreen.xib */,
				187B0E7B1B8CF8DD00E94FF6 /* Assets */,
				808149401B4A89D3008555EB /* Supporting Files */,
			);
			path = "Bum Bam";
			sourceTree = "<group>";
		};
		808149401B4A89D3008555EB /* Supporting Files */ = {
			isa = PBXGroup;
			children = (
				808149411B4A89D3008555EB /* Info.plist */,
			);
			name = "Supporting Files";
			sourceTree = "<group>";
		};
		808149551B4A89D3008555EB /* Bum BamTests */ = {
			isa = PBXGroup;
			children = (
				808149581B4A89D3008555EB /* Bum_BamTests.swift */,
				808149561B4A89D3008555EB /* Supporting Files */,
			);
			path = "Bum BamTests";
			sourceTree = "<group>";
		};
		808149561B4A89D3008555EB /* Supporting Files */ = {
			isa = PBXGroup;
			children = (
				808149571B4A89D3008555EB /* Info.plist */,
			);
			name = "Supporting Files";
			sourceTree = "<group>";
		};
		808EB2121B4CC42D0076C4F0 /* Test */ = {
			isa = PBXGroup;
			children = (
				808EB2141B4CC42D0076C4F0 /* Controllers */,
				808EB2151B4CC42D0076C4F0 /* Layout */,
				808EB2161B4CC42D0076C4F0 /* Models */,
				808EB2171B4CC42D0076C4F0 /* Views */,
			);
			path = Test;
			sourceTree = "<group>";
		};
		808EB2141B4CC42D0076C4F0 /* Controllers */ = {
			isa = PBXGroup;
			children = (
				808EB21A1B4CC4490076C4F0 /* TestGameController.swift */,
			);
			path = Controllers;
			sourceTree = "<group>";
		};
		808EB2151B4CC42D0076C4F0 /* Layout */ = {
			isa = PBXGroup;
			children = (
				808EB2221B4CC6080076C4F0 /* TestLayout.swift */,
				808EB21E1B4CC5770076C4F0 /* TestLayoutAction.swift */,
				808EB2201B4CC5B10076C4F0 /* TestDefaultLayoutAction.swift */,
			);
			path = Layout;
			sourceTree = "<group>";
		};
		808EB2161B4CC42D0076C4F0 /* Models */ = {
			isa = PBXGroup;
			children = (
				808EB21C1B4CC4F20076C4F0 /* TestGameModel.swift */,
			);
			path = Models;
			sourceTree = "<group>";
		};
		808EB2171B4CC42D0076C4F0 /* Views */ = {
			isa = PBXGroup;
			children = (
				808EB2241B4CD0CA0076C4F0 /* TestMainImageView.swift */,
			);
			path = Views;
			sourceTree = "<group>";
		};
		808EB2281B4D71E30076C4F0 /* Template */ = {
			isa = PBXGroup;
			children = (
				80A410D91B4FA4EF00511C90 /* TemplateConfig.swift */,
				808EB2291B4D71E30076C4F0 /* Assets */,
				808EB22A1B4D71E30076C4F0 /* Controllers */,
				808EB22B1B4D71E30076C4F0 /* Layout */,
				808EB22C1B4D71E30076C4F0 /* Models */,
			);
			path = Template;
			sourceTree = "<group>";
		};
		808EB2291B4D71E30076C4F0 /* Assets */ = {
			isa = PBXGroup;
			children = (
			);
			path = Assets;
			sourceTree = "<group>";
		};
		808EB22A1B4D71E30076C4F0 /* Controllers */ = {
			isa = PBXGroup;
			children = (
				808EB2301B4D71FE0076C4F0 /* TemplateGameController.swift */,
			);
			path = Controllers;
			sourceTree = "<group>";
		};
		808EB22B1B4D71E30076C4F0 /* Layout */ = {
			isa = PBXGroup;
			children = (
				808EB2321B4D72500076C4F0 /* TemplateLayout.swift */,
				808EB2361B4D72D30076C4F0 /* TemplateDefaultLayoutAction.swift */,
				808EB2381B4D72F50076C4F0 /* TemplateLayoutAction.swift */,
			);
			path = Layout;
			sourceTree = "<group>";
		};
		808EB22C1B4D71E30076C4F0 /* Models */ = {
			isa = PBXGroup;
			children = (
				808EB2341B4D72810076C4F0 /* TemplateGameModel.swift */,
			);
			path = Models;
			sourceTree = "<group>";
		};
		8092B2451B4CC15600722E0C /* Main */ = {
			isa = PBXGroup;
			children = (
				8092B2461B4CC15600722E0C /* Controllers */,
				8092B2471B4CC15600722E0C /* Layout */,
				8092B2481B4CC15600722E0C /* Models */,
				80C402511B8B9D93001CAFE3 /* Views */,
			);
			path = Main;
			sourceTree = "<group>";
		};
		8092B2461B4CC15600722E0C /* Controllers */ = {
			isa = PBXGroup;
			children = (
				8092B2491B4CC16700722E0C /* MainGameController.swift */,
			);
			path = Controllers;
			sourceTree = "<group>";
		};
		8092B2471B4CC15600722E0C /* Layout */ = {
			isa = PBXGroup;
			children = (
				8092B24B1B4CC18700722E0C /* MainLayoutAction.swift */,
			);
			path = Layout;
			sourceTree = "<group>";
		};
		8092B2481B4CC15600722E0C /* Models */ = {
			isa = PBXGroup;
			children = (
				8092B24D1B4CC1A000722E0C /* MainGameModel.swift */,
			);
			path = Models;
			sourceTree = "<group>";
		};
		80A410C31B4F286500511C90 /* GuessShape */ = {
			isa = PBXGroup;
			children = (
				80A410D71B4FA37400511C90 /* GuessShapeConfig.swift */,
				805519691B7A59110001823F /* GuessShapeHelper.swift */,
				80A410C61B4F286500511C90 /* Controllers */,
				80A410C81B4F286500511C90 /* Layout */,
				80A410CC1B4F286500511C90 /* Models */,
				80A410CE1B4F286500511C90 /* Views */,
			);
			path = GuessShape;
			sourceTree = "<group>";
		};
		80A410C61B4F286500511C90 /* Controllers */ = {
			isa = PBXGroup;
			children = (
				80A410C71B4F286500511C90 /* GuessShapeGameController.swift */,
			);
			path = Controllers;
			sourceTree = "<group>";
		};
		80A410C81B4F286500511C90 /* Layout */ = {
			isa = PBXGroup;
			children = (
				80A410C91B4F286500511C90 /* GuessShapeDefaultLayoutAction.swift */,
				80A410CA1B4F286500511C90 /* GuessShapeLayout.swift */,
				80A410CB1B4F286500511C90 /* GuessShapeLayoutAction.swift */,
			);
			path = Layout;
			sourceTree = "<group>";
		};
		80A410CC1B4F286500511C90 /* Models */ = {
			isa = PBXGroup;
			children = (
				80A410CD1B4F286500511C90 /* GuessShapeGameModel.swift */,
			);
			path = Models;
			sourceTree = "<group>";
		};
		80A410CE1B4F286500511C90 /* Views */ = {
			isa = PBXGroup;
			children = (
				80A410CF1B4F286500511C90 /* GuessShapeThumbView.swift */,
			);
			path = Views;
			sourceTree = "<group>";
		};
		80C402511B8B9D93001CAFE3 /* Views */ = {
			isa = PBXGroup;
			children = (
				185D16D71B8C57BD00951D6A /* SettingsBlockButton.swift */,
				185D16D81B8C57BD00951D6A /* SettingsBlockView.swift */,
			);
			name = Views;
			path = "Bum Bam/Main/Views";
			sourceTree = SOURCE_ROOT;
		};
/* End PBXGroup section */

/* Begin PBXNativeTarget section */
		8081493C1B4A89D3008555EB /* Bum Bam */ = {
			isa = PBXNativeTarget;
			buildConfigurationList = 8081495C1B4A89D3008555EB /* Build configuration list for PBXNativeTarget "Bum Bam" */;
			buildPhases = (
				808149391B4A89D3008555EB /* Sources */,
				8081493A1B4A89D3008555EB /* Frameworks */,
				8081493B1B4A89D3008555EB /* Resources */,
			);
			buildRules = (
			);
			dependencies = (
			);
			name = "Bum Bam";
			productName = "Bum Bam";
			productReference = 8081493D1B4A89D3008555EB /* Bum Bam.app */;
			productType = "com.apple.product-type.application";
		};
		808149511B4A89D3008555EB /* Bum BamTests */ = {
			isa = PBXNativeTarget;
			buildConfigurationList = 8081495F1B4A89D3008555EB /* Build configuration list for PBXNativeTarget "Bum BamTests" */;
			buildPhases = (
				8081494E1B4A89D3008555EB /* Sources */,
				8081494F1B4A89D3008555EB /* Frameworks */,
				808149501B4A89D3008555EB /* Resources */,
			);
			buildRules = (
			);
			dependencies = (
				808149541B4A89D3008555EB /* PBXTargetDependency */,
			);
			name = "Bum BamTests";
			productName = "Bum BamTests";
			productReference = 808149521B4A89D3008555EB /* Bum BamTests.xctest */;
			productType = "com.apple.product-type.bundle.unit-test";
		};
/* End PBXNativeTarget section */

/* Begin PBXProject section */
		808149351B4A89D3008555EB /* Project object */ = {
			isa = PBXProject;
			attributes = {
				LastSwiftMigration = 0700;
				LastSwiftUpdateCheck = 0700;
				LastUpgradeCheck = 0700;
				ORGANIZATIONNAME = TuppleApps;
				TargetAttributes = {
					8081493C1B4A89D3008555EB = {
						CreatedOnToolsVersion = 6.4;
						DevelopmentTeam = HG4TVB69AS;
					};
					808149511B4A89D3008555EB = {
						CreatedOnToolsVersion = 6.4;
						TestTargetID = 8081493C1B4A89D3008555EB;
					};
				};
			};
			buildConfigurationList = 808149381B4A89D3008555EB /* Build configuration list for PBXProject "Bum Bam" */;
			compatibilityVersion = "Xcode 3.2";
			developmentRegion = English;
			hasScannedForEncodings = 0;
			knownRegions = (
				en,
				Base,
			);
			mainGroup = 808149341B4A89D3008555EB;
			productRefGroup = 8081493E1B4A89D3008555EB /* Products */;
			projectDirPath = "";
			projectRoot = "";
			targets = (
				8081493C1B4A89D3008555EB /* Bum Bam */,
				808149511B4A89D3008555EB /* Bum BamTests */,
			);
		};
/* End PBXProject section */

/* Begin PBXResourcesBuildPhase section */
		8081493B1B4A89D3008555EB /* Resources */ = {
			isa = PBXResourcesBuildPhase;
			buildActionMask = 2147483647;
			files = (
				808149481B4A89D3008555EB /* Main.storyboard in Resources */,
				18DBE9DE1B50088000DE3009 /* Schoolbell.ttf in Resources */,
				8081494D1B4A89D3008555EB /* LaunchScreen.xib in Resources */,
				187B0E7D1B8CF8F400E94FF6 /* tiger.mp3 in Resources */,
				8081494A1B4A89D3008555EB /* Images.xcassets in Resources */,
			);
			runOnlyForDeploymentPostprocessing = 0;
		};
		808149501B4A89D3008555EB /* Resources */ = {
			isa = PBXResourcesBuildPhase;
			buildActionMask = 2147483647;
			files = (
			);
			runOnlyForDeploymentPostprocessing = 0;
		};
/* End PBXResourcesBuildPhase section */

/* Begin PBXSourcesBuildPhase section */
		808149391B4A89D3008555EB /* Sources */ = {
			isa = PBXSourcesBuildPhase;
			buildActionMask = 2147483647;
			files = (
				18B073121B8D8E1600647324 /* PZDefaultLayoutAction.swift in Sources */,
				80A410D41B4F286500511C90 /* GuessShapeLayoutAction.swift in Sources */,
				18F326DC1B8E0755001BEE04 /* PZTilesView.swift in Sources */,
				808EB2211B4CC5B10076C4F0 /* TestDefaultLayoutAction.swift in Sources */,
				8092B24C1B4CC18700722E0C /* MainLayoutAction.swift in Sources */,
				808EB2311B4D71FE0076C4F0 /* TemplateGameController.swift in Sources */,
				808EB21F1B4CC5770076C4F0 /* TestLayoutAction.swift in Sources */,
				187B0E741B8CB3BE00E94FF6 /* ASDefaultLayoutAction.swift in Sources */,
				808EB2271B4D65340076C4F0 /* GameList.swift in Sources */,
				808149451B4A89D3008555EB /* MenuViewController.swift in Sources */,
				18B073141B8D8E1600647324 /* PZLayoutAction.swift in Sources */,
				80A410D51B4F286500511C90 /* GuessShapeGameModel.swift in Sources */,
				187B0E761B8CB3BE00E94FF6 /* ASLayoutAction.swift in Sources */,
				18B073131B8D8E1600647324 /* PZLayout.swift in Sources */,
				18B073151B8D8E1600647324 /* PZGameModel.swift in Sources */,
				18B0731A1B8DAA2700647324 /* PZTileView.swift in Sources */,
				8081499B1B4AD387008555EB /* HelperFuncs.swift in Sources */,
				8055196A1B7A59110001823F /* GuessShapeHelper.swift in Sources */,
				80A410DA1B4FA4EF00511C90 /* TemplateConfig.swift in Sources */,
				187B0E781B8CB3BE00E94FF6 /* ASConfig.swift in Sources */,
				80A410D31B4F286500511C90 /* GuessShapeLayout.swift in Sources */,
				80A410D21B4F286500511C90 /* GuessShapeDefaultLayoutAction.swift in Sources */,
				18B0731C1B8DAADF00647324 /* PZTileHelperView.swift in Sources */,
				808EB2371B4D72D30076C4F0 /* TemplateDefaultLayoutAction.swift in Sources */,
				18B073111B8D8E1600647324 /* PZGameController.swift in Sources */,
				8092B24A1B4CC16700722E0C /* MainGameController.swift in Sources */,
				808EB2391B4D72F50076C4F0 /* TemplateLayoutAction.swift in Sources */,
				186BC86D1B8F01AD00179C60 /* CLGameController.swift in Sources */,
				808EB2351B4D72810076C4F0 /* TemplateGameModel.swift in Sources */,
				8081499A1B4AD387008555EB /* Config.swift in Sources */,
				808EB21D1B4CC4F20076C4F0 /* TestGameModel.swift in Sources */,
				187B0E731B8CB3BE00E94FF6 /* ASGameController.swift in Sources */,
				186BC8701B8F01AD00179C60 /* CLLayoutAction.swift in Sources */,
				808EB2251B4CD0CA0076C4F0 /* TestMainImageView.swift in Sources */,
				187B0E771B8CB3BE00E94FF6 /* ASGameModel.swift in Sources */,
				185D16DA1B8C57BD00951D6A /* SettingsBlockView.swift in Sources */,
				186BC8711B8F01AD00179C60 /* CLGameModel.swift in Sources */,
				808EB2111B4CC2AA0076C4F0 /* Layout.swift in Sources */,
				18B073161B8D8E1600647324 /* PZConfig.swift in Sources */,
				186BC86C1B8F01AD00179C60 /* CLConfig.swift in Sources */,
				808149971B4AD16E008555EB /* GameViewController.swift in Sources */,
				187B0E751B8CB3BE00E94FF6 /* ASLayout.swift in Sources */,
				8092B24E1B4CC1A000722E0C /* MainGameModel.swift in Sources */,
				808EB2231B4CC6080076C4F0 /* TestLayout.swift in Sources */,
				808149431B4A89D3008555EB /* AppDelegate.swift in Sources */,
				187B0E7A1B8CEF9F00E94FF6 /* ASHelper.swift in Sources */,
				186BC86F1B8F01AD00179C60 /* CLLayout.swift in Sources */,
				185D16D91B8C57BD00951D6A /* SettingsBlockButton.swift in Sources */,
				80A410D11B4F286500511C90 /* GuessShapeGameController.swift in Sources */,
				18F326DE1B8E176E001BEE04 /* PZBoardTileView.swift in Sources */,
				808EB21B1B4CC4490076C4F0 /* TestGameController.swift in Sources */,
				80A410D61B4F286500511C90 /* GuessShapeThumbView.swift in Sources */,
				808EB2331B4D72500076C4F0 /* TemplateLayout.swift in Sources */,
				186BC86E1B8F01AD00179C60 /* CLDefaultLayoutAction.swift in Sources */,
				80A410D81B4FA37400511C90 /* GuessShapeConfig.swift in Sources */,
			);
			runOnlyForDeploymentPostprocessing = 0;
		};
		8081494E1B4A89D3008555EB /* Sources */ = {
			isa = PBXSourcesBuildPhase;
			buildActionMask = 2147483647;
			files = (
				808149591B4A89D3008555EB /* Bum_BamTests.swift in Sources */,
			);
			runOnlyForDeploymentPostprocessing = 0;
		};
/* End PBXSourcesBuildPhase section */

/* Begin PBXTargetDependency section */
		808149541B4A89D3008555EB /* PBXTargetDependency */ = {
			isa = PBXTargetDependency;
			target = 8081493C1B4A89D3008555EB /* Bum Bam */;
			targetProxy = 808149531B4A89D3008555EB /* PBXContainerItemProxy */;
		};
/* End PBXTargetDependency section */

/* Begin PBXVariantGroup section */
		808149461B4A89D3008555EB /* Main.storyboard */ = {
			isa = PBXVariantGroup;
			children = (
				808149471B4A89D3008555EB /* Base */,
			);
			name = Main.storyboard;
			sourceTree = "<group>";
		};
		8081494B1B4A89D3008555EB /* LaunchScreen.xib */ = {
			isa = PBXVariantGroup;
			children = (
				8081494C1B4A89D3008555EB /* Base */,
			);
			name = LaunchScreen.xib;
			sourceTree = "<group>";
		};
/* End PBXVariantGroup section */

/* Begin XCBuildConfiguration section */
		8081495A1B4A89D3008555EB /* Debug */ = {
			isa = XCBuildConfiguration;
			buildSettings = {
				ALWAYS_SEARCH_USER_PATHS = NO;
				CLANG_CXX_LANGUAGE_STANDARD = "gnu++0x";
				CLANG_CXX_LIBRARY = "libc++";
				CLANG_ENABLE_MODULES = YES;
				CLANG_ENABLE_OBJC_ARC = YES;
				CLANG_WARN_BOOL_CONVERSION = YES;
				CLANG_WARN_CONSTANT_CONVERSION = YES;
				CLANG_WARN_DIRECT_OBJC_ISA_USAGE = YES_ERROR;
				CLANG_WARN_EMPTY_BODY = YES;
				CLANG_WARN_ENUM_CONVERSION = YES;
				CLANG_WARN_INT_CONVERSION = YES;
				CLANG_WARN_OBJC_ROOT_CLASS = YES_ERROR;
				CLANG_WARN_UNREACHABLE_CODE = YES;
				CLANG_WARN__DUPLICATE_METHOD_MATCH = YES;
				"CODE_SIGN_IDENTITY[sdk=iphoneos*]" = "iPhone Developer";
				COPY_PHASE_STRIP = NO;
				DEBUG_INFORMATION_FORMAT = "dwarf-with-dsym";
				ENABLE_STRICT_OBJC_MSGSEND = YES;
				ENABLE_TESTABILITY = YES;
				GCC_C_LANGUAGE_STANDARD = gnu99;
				GCC_DYNAMIC_NO_PIC = NO;
				GCC_NO_COMMON_BLOCKS = YES;
				GCC_OPTIMIZATION_LEVEL = 0;
				GCC_PREPROCESSOR_DEFINITIONS = (
					"DEBUG=1",
					"$(inherited)",
				);
				GCC_SYMBOLS_PRIVATE_EXTERN = NO;
				GCC_WARN_64_TO_32_BIT_CONVERSION = YES;
				GCC_WARN_ABOUT_RETURN_TYPE = YES_ERROR;
				GCC_WARN_UNDECLARED_SELECTOR = YES;
				GCC_WARN_UNINITIALIZED_AUTOS = YES_AGGRESSIVE;
				GCC_WARN_UNUSED_FUNCTION = YES;
				GCC_WARN_UNUSED_VARIABLE = YES;
				IPHONEOS_DEPLOYMENT_TARGET = 8.4;
				MTL_ENABLE_DEBUG_INFO = YES;
				ONLY_ACTIVE_ARCH = YES;
				SDKROOT = iphoneos;
				SWIFT_OPTIMIZATION_LEVEL = "-Onone";
			};
			name = Debug;
		};
		8081495B1B4A89D3008555EB /* Release */ = {
			isa = XCBuildConfiguration;
			buildSettings = {
				ALWAYS_SEARCH_USER_PATHS = NO;
				CLANG_CXX_LANGUAGE_STANDARD = "gnu++0x";
				CLANG_CXX_LIBRARY = "libc++";
				CLANG_ENABLE_MODULES = YES;
				CLANG_ENABLE_OBJC_ARC = YES;
				CLANG_WARN_BOOL_CONVERSION = YES;
				CLANG_WARN_CONSTANT_CONVERSION = YES;
				CLANG_WARN_DIRECT_OBJC_ISA_USAGE = YES_ERROR;
				CLANG_WARN_EMPTY_BODY = YES;
				CLANG_WARN_ENUM_CONVERSION = YES;
				CLANG_WARN_INT_CONVERSION = YES;
				CLANG_WARN_OBJC_ROOT_CLASS = YES_ERROR;
				CLANG_WARN_UNREACHABLE_CODE = YES;
				CLANG_WARN__DUPLICATE_METHOD_MATCH = YES;
				"CODE_SIGN_IDENTITY[sdk=iphoneos*]" = "iPhone Developer";
				COPY_PHASE_STRIP = NO;
				DEBUG_INFORMATION_FORMAT = "dwarf-with-dsym";
				ENABLE_NS_ASSERTIONS = NO;
				ENABLE_STRICT_OBJC_MSGSEND = YES;
				GCC_C_LANGUAGE_STANDARD = gnu99;
				GCC_NO_COMMON_BLOCKS = YES;
				GCC_WARN_64_TO_32_BIT_CONVERSION = YES;
				GCC_WARN_ABOUT_RETURN_TYPE = YES_ERROR;
				GCC_WARN_UNDECLARED_SELECTOR = YES;
				GCC_WARN_UNINITIALIZED_AUTOS = YES_AGGRESSIVE;
				GCC_WARN_UNUSED_FUNCTION = YES;
				GCC_WARN_UNUSED_VARIABLE = YES;
				IPHONEOS_DEPLOYMENT_TARGET = 8.4;
				MTL_ENABLE_DEBUG_INFO = NO;
				SDKROOT = iphoneos;
				VALIDATE_PRODUCT = YES;
			};
			name = Release;
		};
		8081495D1B4A89D3008555EB /* Debug */ = {
			isa = XCBuildConfiguration;
			buildSettings = {
				ASSETCATALOG_COMPILER_APPICON_NAME = AppIcon;
				CODE_SIGN_IDENTITY = "iPhone Developer";
				"CODE_SIGN_IDENTITY[sdk=iphoneos*]" = "iPhone Developer";
				INFOPLIST_FILE = "Bum Bam/Info.plist";
				LD_RUNPATH_SEARCH_PATHS = "$(inherited) @executable_path/Frameworks";
				PRODUCT_BUNDLE_IDENTIFIER = "tuppleapps.$(PRODUCT_NAME:rfc1034identifier)";
				PRODUCT_NAME = "$(TARGET_NAME)";
				PROVISIONING_PROFILE = "";
				TARGETED_DEVICE_FAMILY = "1,2";
			};
			name = Debug;
		};
		8081495E1B4A89D3008555EB /* Release */ = {
			isa = XCBuildConfiguration;
			buildSettings = {
				ASSETCATALOG_COMPILER_APPICON_NAME = AppIcon;
				CODE_SIGN_IDENTITY = "iPhone Developer";
				"CODE_SIGN_IDENTITY[sdk=iphoneos*]" = "iPhone Developer";
				INFOPLIST_FILE = "Bum Bam/Info.plist";
				LD_RUNPATH_SEARCH_PATHS = "$(inherited) @executable_path/Frameworks";
				PRODUCT_BUNDLE_IDENTIFIER = "tuppleapps.$(PRODUCT_NAME:rfc1034identifier)";
				PRODUCT_NAME = "$(TARGET_NAME)";
				PROVISIONING_PROFILE = "";
				TARGETED_DEVICE_FAMILY = "1,2";
			};
			name = Release;
		};
		808149601B4A89D3008555EB /* Debug */ = {
			isa = XCBuildConfiguration;
			buildSettings = {
				BUNDLE_LOADER = "$(TEST_HOST)";
				FRAMEWORK_SEARCH_PATHS = (
					"$(SDKROOT)/Developer/Library/Frameworks",
					"$(inherited)",
				);
				GCC_PREPROCESSOR_DEFINITIONS = (
					"DEBUG=1",
					"$(inherited)",
				);
				INFOPLIST_FILE = "Bum BamTests/Info.plist";
				LD_RUNPATH_SEARCH_PATHS = "$(inherited) @executable_path/Frameworks @loader_path/Frameworks";
				PRODUCT_BUNDLE_IDENTIFIER = "tuppleapps.$(PRODUCT_NAME:rfc1034identifier)";
				PRODUCT_NAME = "$(TARGET_NAME)";
				TEST_HOST = "$(BUILT_PRODUCTS_DIR)/Bum Bam.app/Bum Bam";
			};
			name = Debug;
		};
		808149611B4A89D3008555EB /* Release */ = {
			isa = XCBuildConfiguration;
			buildSettings = {
				BUNDLE_LOADER = "$(TEST_HOST)";
				FRAMEWORK_SEARCH_PATHS = (
					"$(SDKROOT)/Developer/Library/Frameworks",
					"$(inherited)",
				);
				INFOPLIST_FILE = "Bum BamTests/Info.plist";
				LD_RUNPATH_SEARCH_PATHS = "$(inherited) @executable_path/Frameworks @loader_path/Frameworks";
				PRODUCT_BUNDLE_IDENTIFIER = "tuppleapps.$(PRODUCT_NAME:rfc1034identifier)";
				PRODUCT_NAME = "$(TARGET_NAME)";
				TEST_HOST = "$(BUILT_PRODUCTS_DIR)/Bum Bam.app/Bum Bam";
			};
			name = Release;
		};
/* End XCBuildConfiguration section */

/* Begin XCConfigurationList section */
		808149381B4A89D3008555EB /* Build configuration list for PBXProject "Bum Bam" */ = {
			isa = XCConfigurationList;
			buildConfigurations = (
				8081495A1B4A89D3008555EB /* Debug */,
				8081495B1B4A89D3008555EB /* Release */,
			);
			defaultConfigurationIsVisible = 0;
			defaultConfigurationName = Release;
		};
		8081495C1B4A89D3008555EB /* Build configuration list for PBXNativeTarget "Bum Bam" */ = {
			isa = XCConfigurationList;
			buildConfigurations = (
				8081495D1B4A89D3008555EB /* Debug */,
				8081495E1B4A89D3008555EB /* Release */,
			);
			defaultConfigurationIsVisible = 0;
			defaultConfigurationName = Release;
		};
		8081495F1B4A89D3008555EB /* Build configuration list for PBXNativeTarget "Bum BamTests" */ = {
			isa = XCConfigurationList;
			buildConfigurations = (
				808149601B4A89D3008555EB /* Debug */,
				808149611B4A89D3008555EB /* Release */,
			);
			defaultConfigurationIsVisible = 0;
			defaultConfigurationName = Release;
		};
/* End XCConfigurationList section */
	};
	rootObject = 808149351B4A89D3008555EB /* Project object */;
}
